{
  "version": 4,
  "terraform_version": "1.9.8",
  "serial": 119,
  "lineage": "708cbdc3-38fb-130b-9db2-b5c6adbe1bc3",
  "outputs": {
    "lb_dns_name": {
      "value": "app1-load-balancer-1955774132.us-east-1.elb.amazonaws.com",
      "type": "string"
    },
    "private_key": {
      "value": "-----BEGIN RSA PRIVATE KEY-----\nMIIEpAIBAAKCAQEAvpcZjL+9vLcZid7HESGFY8FUuj/TxSSqJDC7tdm9e3IrC/xK\njbL8wjDj7re0fTsQxyqecIzBTdezx6i2nSV7Sh3Ik5I5jz+xr2I/dr6UW8pC/q+m\nthc1EQDT5pFgT2OgUYSB2S1R093h6W3qp/SLQD3BSMvjemARGgfwHxefaYZ3btqD\ntU9v7TXWRKmBfREEOuPy3u45w6DySzP0aoNSVssXsYGWR5XnR8WfgdEeAeG5cFPb\nRTZEEBXEUh1jJRqrCAxVqR0rH2dxj0KR2reYO7fu0Ny8idHdw6Y+8K4gZfK9azip\nz7EdbISBSVlREAECPdS/otTOkMCLUFUN92WIHQIDAQABAoIBAQCN7DKobre5aZdo\n5S3TgeS0jeir8I+fxFe2L1v4ZLYG0NNhT3Os5NX3PTTeNIoAnxU1WnU1VnszniZP\nzUB+8MRIQrlzunWGSGXmNgEQSYZse8c7pE0+VzW6/aTNkv/m3kcprMSMloTSge2S\nR7lvbFitc88UiE9Sd2sEuViDrrGUf7ZC87Xs3o/J0SdOkxznxJM2naFPXkhjLgAk\nXlSc2R0TbrKl+RvMBKd2+z/4ISCFCGpDtESIx5Gtumpyf3eS0TchR1BmgbEx7ho8\nPl7SWpIqZ5RSP6gVXJn5/gbphqteuUt8uyGvJm5HmjziqlpllOmTHtjru5XUbq8g\nA6vpmDDBAoGBANwY51Fu6M1WTwOhXSakBn6+ZRS4lhhxrHxG3jzmMZ4sSqoDC23g\n6UEv251mx8KAqG/sjHjYlxchfz4KgbiD2Ot5THfA6uRKVGcccauAEloxE+1rejWE\nk9WScsql/mb1b4pS/oSEZv6YEVCeSoyRG9eZnfzm1zikdefIdjb7Y/VlAoGBAN2u\nARUVv/c4rHbBgC9bQJQNdgDBbgxESwoUamaUik4dEutH23FXeFS+xpA5mkgoaM5o\nilrawnoBW0dhD4MLYigJ4mf2xLeC+6pIYr7MPR+Ma5brhGb+1seFLzYEbYpDUpo5\nhgRhlUXrqibgAEtc1VQ6pcJahecAEKpw3oPSuNhZAoGAN1KHKj/fgmV0XOw9ds35\n1/fRfoDbMW+5NE+34sTVqfVmGw/C2q6S0tDNueWwxmICdIeX03RVnfnMevK3IoL5\njk6h+uPh5toMFxLeO4ZoloUJhj7iq/sUEbXK5scMiCKfE7zCvtps7QeaKpJvGKAM\nyIeTX5NCe7lS7ZzEohNUT8UCgYEAvxhTyIhSTlxll43g4XHpbndYJPiZ1Cs/ALZu\nrnUX8JRxja8JBWCg03UNmKB/Vfq3tk86DW4NPb1ToWmTRKUYfWlf6b05APUB213A\n+bb4bezPhm8KWPsPzTkLZKZWg1zbpSU3WSmB059+szpgJpclMxHHeI4uZd6Rf0wD\nFWIehCkCgYBY3icM+VemvZhXYDh/Zf1uW6oYClMF98ATjQbdRHBTi1GSsW+3+jco\nP5GltsZ76mS/vAc1iU1sjAXmYn/qXSpb9B+vacI4JHuOb/ZyjCG8g/rLfKEKYzN4\nyAW0oCd+7M6V1rGbxzSHFuF9qBQtSVczPzdLuoFlsPPhJTqvjOPVbA==\n-----END RSA PRIVATE KEY-----\n",
      "type": "string",
      "sensitive": true
    },
    "public_key": {
      "value": "ssh-rsa AAAAB3NzaC1yc2EAAAADAQABAAABAQC+lxmMv728txmJ3scRIYVjwVS6P9PFJKokMLu12b17cisL/EqNsvzCMOPut7R9OxDHKp5wjMFN17PHqLadJXtKHciTkjmPP7GvYj92vpRbykL+r6a2FzURANPmkWBPY6BRhIHZLVHT3eHpbeqn9ItAPcFIy+N6YBEaB/AfF59phndu2oO1T2/tNdZEqYF9EQQ64/Le7jnDoPJLM/Rqg1JWyxexgZZHledHxZ+B0R4B4blwU9tFNkQQFcRSHWMlGqsIDFWpHSsfZ3GPQpHat5g7t+7Q3LyJ0d3Dpj7wriBl8r1rOKnPsR1shIFJWVEQAQI91L+i1M6QwItQVQ33ZYgd\n",
      "type": "string"
    }
  },
  "resources": [
    {
      "mode": "data",
      "type": "aws_acm_certificate",
      "name": "cert",
      "provider": "provider[\"registry.terraform.io/hashicorp/aws\"]",
      "instances": [
        {
          "schema_version": 0,
          "attributes": {
            "arn": "arn:aws:acm:us-east-1:329599619981:certificate/3dcabd10-7e38-4c48-baa9-cc9f2303eff1",
            "domain": "rahde.click",
            "id": "arn:aws:acm:us-east-1:329599619981:certificate/3dcabd10-7e38-4c48-baa9-cc9f2303eff1",
            "key_types": null,
            "most_recent": true,
            "status": "ISSUED",
            "statuses": [
              "ISSUED"
            ],
            "tags": {},
            "types": null
          },
          "sensitive_attributes": []
        }
      ]
    },
    {
      "mode": "data",
      "type": "aws_route53_zone",
      "name": "main",
      "provider": "provider[\"registry.terraform.io/hashicorp/aws\"]",
      "instances": [
        {
          "schema_version": 0,
          "attributes": {
            "arn": "arn:aws:route53:::hostedzone/Z0253192166X8K07S6K1W",
            "caller_reference": "RISWorkflow-RD:f8dc4ed8-c254-47a5-8cd0-6698e1773abc",
            "comment": "HostedZone created by Route53 Registrar",
            "id": "Z0253192166X8K07S6K1W",
            "linked_service_description": null,
            "linked_service_principal": null,
            "name": "rahde.click",
            "name_servers": [
              "ns-1273.awsdns-31.org",
              "ns-459.awsdns-57.com",
              "ns-1713.awsdns-22.co.uk",
              "ns-536.awsdns-03.net"
            ],
            "private_zone": false,
            "resource_record_set_count": 3,
            "tags": {},
            "vpc_id": null,
            "zone_id": "Z0253192166X8K07S6K1W"
          },
          "sensitive_attributes": []
        }
      ]
    },
    {
      "mode": "data",
      "type": "tls_public_key",
      "name": "MyLinuxBox",
      "provider": "provider[\"registry.terraform.io/hashicorp/tls\"]",
      "instances": [
        {
          "schema_version": 0,
          "attributes": {
            "algorithm": "RSA",
            "id": "f09eee337e61d57c3bcba4668e40930170d16320",
            "private_key_openssh": null,
            "private_key_pem": "-----BEGIN RSA PRIVATE KEY-----\nMIIEpAIBAAKCAQEAvpcZjL+9vLcZid7HESGFY8FUuj/TxSSqJDC7tdm9e3IrC/xK\njbL8wjDj7re0fTsQxyqecIzBTdezx6i2nSV7Sh3Ik5I5jz+xr2I/dr6UW8pC/q+m\nthc1EQDT5pFgT2OgUYSB2S1R093h6W3qp/SLQD3BSMvjemARGgfwHxefaYZ3btqD\ntU9v7TXWRKmBfREEOuPy3u45w6DySzP0aoNSVssXsYGWR5XnR8WfgdEeAeG5cFPb\nRTZEEBXEUh1jJRqrCAxVqR0rH2dxj0KR2reYO7fu0Ny8idHdw6Y+8K4gZfK9azip\nz7EdbISBSVlREAECPdS/otTOkMCLUFUN92WIHQIDAQABAoIBAQCN7DKobre5aZdo\n5S3TgeS0jeir8I+fxFe2L1v4ZLYG0NNhT3Os5NX3PTTeNIoAnxU1WnU1VnszniZP\nzUB+8MRIQrlzunWGSGXmNgEQSYZse8c7pE0+VzW6/aTNkv/m3kcprMSMloTSge2S\nR7lvbFitc88UiE9Sd2sEuViDrrGUf7ZC87Xs3o/J0SdOkxznxJM2naFPXkhjLgAk\nXlSc2R0TbrKl+RvMBKd2+z/4ISCFCGpDtESIx5Gtumpyf3eS0TchR1BmgbEx7ho8\nPl7SWpIqZ5RSP6gVXJn5/gbphqteuUt8uyGvJm5HmjziqlpllOmTHtjru5XUbq8g\nA6vpmDDBAoGBANwY51Fu6M1WTwOhXSakBn6+ZRS4lhhxrHxG3jzmMZ4sSqoDC23g\n6UEv251mx8KAqG/sjHjYlxchfz4KgbiD2Ot5THfA6uRKVGcccauAEloxE+1rejWE\nk9WScsql/mb1b4pS/oSEZv6YEVCeSoyRG9eZnfzm1zikdefIdjb7Y/VlAoGBAN2u\nARUVv/c4rHbBgC9bQJQNdgDBbgxESwoUamaUik4dEutH23FXeFS+xpA5mkgoaM5o\nilrawnoBW0dhD4MLYigJ4mf2xLeC+6pIYr7MPR+Ma5brhGb+1seFLzYEbYpDUpo5\nhgRhlUXrqibgAEtc1VQ6pcJahecAEKpw3oPSuNhZAoGAN1KHKj/fgmV0XOw9ds35\n1/fRfoDbMW+5NE+34sTVqfVmGw/C2q6S0tDNueWwxmICdIeX03RVnfnMevK3IoL5\njk6h+uPh5toMFxLeO4ZoloUJhj7iq/sUEbXK5scMiCKfE7zCvtps7QeaKpJvGKAM\nyIeTX5NCe7lS7ZzEohNUT8UCgYEAvxhTyIhSTlxll43g4XHpbndYJPiZ1Cs/ALZu\nrnUX8JRxja8JBWCg03UNmKB/Vfq3tk86DW4NPb1ToWmTRKUYfWlf6b05APUB213A\n+bb4bezPhm8KWPsPzTkLZKZWg1zbpSU3WSmB059+szpgJpclMxHHeI4uZd6Rf0wD\nFWIehCkCgYBY3icM+VemvZhXYDh/Zf1uW6oYClMF98ATjQbdRHBTi1GSsW+3+jco\nP5GltsZ76mS/vAc1iU1sjAXmYn/qXSpb9B+vacI4JHuOb/ZyjCG8g/rLfKEKYzN4\nyAW0oCd+7M6V1rGbxzSHFuF9qBQtSVczPzdLuoFlsPPhJTqvjOPVbA==\n-----END RSA PRIVATE KEY-----\n",
            "public_key_fingerprint_md5": "2d:86:dd:1b:1a:23:7b:6f:39:b1:78:8e:13:90:00:14",
            "public_key_fingerprint_sha256": "SHA256:u+rWiu2uPUQI7i0tO3NGkd/yKx4FtCt0Zf+QHGysVs8",
            "public_key_openssh": "ssh-rsa AAAAB3NzaC1yc2EAAAADAQABAAABAQC+lxmMv728txmJ3scRIYVjwVS6P9PFJKokMLu12b17cisL/EqNsvzCMOPut7R9OxDHKp5wjMFN17PHqLadJXtKHciTkjmPP7GvYj92vpRbykL+r6a2FzURANPmkWBPY6BRhIHZLVHT3eHpbeqn9ItAPcFIy+N6YBEaB/AfF59phndu2oO1T2/tNdZEqYF9EQQ64/Le7jnDoPJLM/Rqg1JWyxexgZZHledHxZ+B0R4B4blwU9tFNkQQFcRSHWMlGqsIDFWpHSsfZ3GPQpHat5g7t+7Q3LyJ0d3Dpj7wriBl8r1rOKnPsR1shIFJWVEQAQI91L+i1M6QwItQVQ33ZYgd\n",
            "public_key_pem": "-----BEGIN PUBLIC KEY-----\nMIIBIjANBgkqhkiG9w0BAQEFAAOCAQ8AMIIBCgKCAQEAvpcZjL+9vLcZid7HESGF\nY8FUuj/TxSSqJDC7tdm9e3IrC/xKjbL8wjDj7re0fTsQxyqecIzBTdezx6i2nSV7\nSh3Ik5I5jz+xr2I/dr6UW8pC/q+mthc1EQDT5pFgT2OgUYSB2S1R093h6W3qp/SL\nQD3BSMvjemARGgfwHxefaYZ3btqDtU9v7TXWRKmBfREEOuPy3u45w6DySzP0aoNS\nVssXsYGWR5XnR8WfgdEeAeG5cFPbRTZEEBXEUh1jJRqrCAxVqR0rH2dxj0KR2reY\nO7fu0Ny8idHdw6Y+8K4gZfK9azipz7EdbISBSVlREAECPdS/otTOkMCLUFUN92WI\nHQIDAQAB\n-----END PUBLIC KEY-----\n"
          },
          "sensitive_attributes": [
            [
              {
                "type": "get_attr",
                "value": "private_key_openssh"
              }
            ],
            [
              {
                "type": "get_attr",
                "value": "private_key_pem"
              }
            ]
          ]
        }
      ]
    },
    {
      "mode": "managed",
      "type": "aws_autoscaling_attachment",
      "name": "app1_asg_attachment",
      "provider": "provider[\"registry.terraform.io/hashicorp/aws\"]",
      "instances": [
        {
          "schema_version": 0,
          "attributes": {
            "alb_target_group_arn": "arn:aws:elasticloadbalancing:us-east-1:329599619981:targetgroup/app1-target-group/96cb7977a1cebdde",
            "autoscaling_group_name": "app1-auto-scaling-group-20241120202042365900000005",
            "elb": null,
            "id": "app1-auto-scaling-group-20241120202042365900000005-20241120202203605600000007"
          },
          "sensitive_attributes": [],
          "private": "bnVsbA==",
          "dependencies": [
            "aws_autoscaling_group.app1_asg",
            "aws_launch_template.app1_LT",
            "aws_lb_target_group.app1_tg",
            "aws_security_group.app1-sg01-servers",
            "aws_subnet.private-us-east-1a",
            "aws_subnet.private-us-east-1b",
            "aws_subnet.private-us-east-1c",
            "aws_vpc.app1"
          ]
        }
      ]
    },
    {
      "mode": "managed",
      "type": "aws_autoscaling_attachment",
      "name": "app2_asg_attachment",
      "provider": "provider[\"registry.terraform.io/hashicorp/aws\"]",
      "instances": [
        {
          "schema_version": 0,
          "attributes": {
            "alb_target_group_arn": "arn:aws:elasticloadbalancing:us-east-1:329599619981:targetgroup/app2tg443/0906c62634b978c5",
            "autoscaling_group_name": "app1-auto-scaling-group-20241120202042477300000006",
            "elb": null,
            "id": "app1-auto-scaling-group-20241120202042477300000006-20241120202203661500000008"
          },
          "sensitive_attributes": [],
          "private": "bnVsbA==",
          "dependencies": [
            "aws_autoscaling_group.app2_asg",
            "aws_launch_template.app2_LT_443",
            "aws_lb_target_group.app2_tg_443",
            "aws_security_group.app1-sg03-secure-servers",
            "aws_subnet.private-us-east-1a",
            "aws_subnet.private-us-east-1b",
            "aws_subnet.private-us-east-1c",
            "aws_vpc.app1"
          ]
        }
      ]
    },
    {
      "mode": "managed",
      "type": "aws_autoscaling_group",
      "name": "app1_asg",
      "provider": "provider[\"registry.terraform.io/hashicorp/aws\"]",
      "instances": [
        {
          "schema_version": 0,
          "attributes": {
            "arn": "arn:aws:autoscaling:us-east-1:329599619981:autoScalingGroup:f51ecfa6-a51c-4bc8-8dd1-c28d6bb6de13:autoScalingGroupName/app1-auto-scaling-group-20241120202042365900000005",
            "availability_zones": [
              "us-east-1a",
              "us-east-1b",
              "us-east-1c"
            ],
            "capacity_rebalance": false,
            "default_cooldown": 300,
            "desired_capacity": 3,
            "enabled_metrics": [
              "GroupDesiredCapacity",
              "GroupInServiceInstances",
              "GroupMaxSize",
              "GroupMinSize",
              "GroupTotalInstances"
            ],
            "force_delete": true,
            "force_delete_warm_pool": false,
            "health_check_grace_period": 300,
            "health_check_type": "ELB",
            "id": "app1-auto-scaling-group-20241120202042365900000005",
            "initial_lifecycle_hook": [
              {
                "default_result": "CONTINUE",
                "heartbeat_timeout": 300,
                "lifecycle_transition": "autoscaling:EC2_INSTANCE_TERMINATING",
                "name": "scale-in-protection",
                "notification_metadata": "",
                "notification_target_arn": "",
                "role_arn": ""
              },
              {
                "default_result": "CONTINUE",
                "heartbeat_timeout": 60,
                "lifecycle_transition": "autoscaling:EC2_INSTANCE_LAUNCHING",
                "name": "instance-protection-launch",
                "notification_metadata": "{\"key\":\"value\"}",
                "notification_target_arn": "",
                "role_arn": ""
              }
            ],
            "instance_refresh": [],
            "launch_configuration": "",
            "launch_template": [
              {
                "id": "lt-0b460b5e24e21ee31",
                "name": "app1_LT20241120202041928900000001",
                "version": "$Latest"
              }
            ],
            "load_balancers": null,
            "max_instance_lifetime": 0,
            "max_size": 4,
            "metrics_granularity": "1Minute",
            "min_elb_capacity": null,
            "min_size": 1,
            "mixed_instances_policy": [],
            "name": "app1-auto-scaling-group-20241120202042365900000005",
            "name_prefix": "app1-auto-scaling-group-",
            "placement_group": "",
            "protect_from_scale_in": false,
            "service_linked_role_arn": "arn:aws:iam::329599619981:role/aws-service-role/autoscaling.amazonaws.com/AWSServiceRoleForAutoScaling",
            "suspended_processes": null,
            "tag": [
              {
                "key": "Environment",
                "propagate_at_launch": true,
                "value": "Production"
              },
              {
                "key": "Name",
                "propagate_at_launch": true,
                "value": "app1-instance"
              }
            ],
            "tags": null,
            "target_group_arns": [
              "arn:aws:elasticloadbalancing:us-east-1:329599619981:targetgroup/app1-target-group/96cb7977a1cebdde"
            ],
            "termination_policies": null,
            "timeouts": null,
            "vpc_zone_identifier": [
              "subnet-05eedd71c4ea2aee2",
              "subnet-068b006a9bba2c151",
              "subnet-0a815d9092ef24feb"
            ],
            "wait_for_capacity_timeout": "10m",
            "wait_for_elb_capacity": null,
            "warm_pool": []
          },
          "sensitive_attributes": [],
          "private": "eyJlMmJmYjczMC1lY2FhLTExZTYtOGY4OC0zNDM2M2JjN2M0YzAiOnsiZGVsZXRlIjo2MDAwMDAwMDAwMDB9fQ==",
          "dependencies": [
            "aws_launch_template.app1_LT",
            "aws_lb_target_group.app1_tg",
            "aws_security_group.app1-sg01-servers",
            "aws_subnet.private-us-east-1a",
            "aws_subnet.private-us-east-1b",
            "aws_subnet.private-us-east-1c",
            "aws_vpc.app1"
          ]
        }
      ]
    },
    {
      "mode": "managed",
      "type": "aws_autoscaling_group",
      "name": "app2_asg",
      "provider": "provider[\"registry.terraform.io/hashicorp/aws\"]",
      "instances": [
        {
          "schema_version": 0,
          "attributes": {
            "arn": "arn:aws:autoscaling:us-east-1:329599619981:autoScalingGroup:58ce3f41-3edc-42bb-83ed-3bc037478212:autoScalingGroupName/app1-auto-scaling-group-20241120202042477300000006",
            "availability_zones": [
              "us-east-1a",
              "us-east-1b",
              "us-east-1c"
            ],
            "capacity_rebalance": false,
            "default_cooldown": 300,
            "desired_capacity": 3,
            "enabled_metrics": [
              "GroupDesiredCapacity",
              "GroupInServiceInstances",
              "GroupMaxSize",
              "GroupMinSize",
              "GroupTotalInstances"
            ],
            "force_delete": true,
            "force_delete_warm_pool": false,
            "health_check_grace_period": 300,
            "health_check_type": "ELB",
            "id": "app1-auto-scaling-group-20241120202042477300000006",
            "initial_lifecycle_hook": [
              {
                "default_result": "CONTINUE",
                "heartbeat_timeout": 300,
                "lifecycle_transition": "autoscaling:EC2_INSTANCE_TERMINATING",
                "name": "scale-in-protection",
                "notification_metadata": "",
                "notification_target_arn": "",
                "role_arn": ""
              },
              {
                "default_result": "CONTINUE",
                "heartbeat_timeout": 60,
                "lifecycle_transition": "autoscaling:EC2_INSTANCE_LAUNCHING",
                "name": "instance-protection-launch",
                "notification_metadata": "{\"key\":\"value\"}",
                "notification_target_arn": "",
                "role_arn": ""
              }
            ],
            "instance_refresh": [],
            "launch_configuration": "",
            "launch_template": [
              {
                "id": "lt-0019caf0769956520",
                "name": "app2_LT_44320241120202042011900000003",
                "version": "$Latest"
              }
            ],
            "load_balancers": null,
            "max_instance_lifetime": 0,
            "max_size": 4,
            "metrics_granularity": "1Minute",
            "min_elb_capacity": null,
            "min_size": 1,
            "mixed_instances_policy": [],
            "name": "app1-auto-scaling-group-20241120202042477300000006",
            "name_prefix": "app1-auto-scaling-group-",
            "placement_group": "",
            "protect_from_scale_in": false,
            "service_linked_role_arn": "arn:aws:iam::329599619981:role/aws-service-role/autoscaling.amazonaws.com/AWSServiceRoleForAutoScaling",
            "suspended_processes": null,
            "tag": [
              {
                "key": "Environment",
                "propagate_at_launch": true,
                "value": "Production"
              },
              {
                "key": "Name",
                "propagate_at_launch": true,
                "value": "app2_443"
              }
            ],
            "tags": null,
            "target_group_arns": [
              "arn:aws:elasticloadbalancing:us-east-1:329599619981:targetgroup/app2tg443/0906c62634b978c5"
            ],
            "termination_policies": null,
            "timeouts": null,
            "vpc_zone_identifier": [
              "subnet-05eedd71c4ea2aee2",
              "subnet-068b006a9bba2c151",
              "subnet-0a815d9092ef24feb"
            ],
            "wait_for_capacity_timeout": "10m",
            "wait_for_elb_capacity": null,
            "warm_pool": []
          },
          "sensitive_attributes": [],
          "private": "eyJlMmJmYjczMC1lY2FhLTExZTYtOGY4OC0zNDM2M2JjN2M0YzAiOnsiZGVsZXRlIjo2MDAwMDAwMDAwMDB9fQ==",
          "dependencies": [
            "aws_launch_template.app2_LT_443",
            "aws_lb_target_group.app2_tg_443",
            "aws_security_group.app1-sg03-secure-servers",
            "aws_subnet.private-us-east-1a",
            "aws_subnet.private-us-east-1b",
            "aws_subnet.private-us-east-1c",
            "aws_vpc.app1"
          ]
        }
      ]
    },
    {
      "mode": "managed",
      "type": "aws_autoscaling_policy",
      "name": "app1_scaling_policy",
      "provider": "provider[\"registry.terraform.io/hashicorp/aws\"]",
      "instances": [
        {
          "schema_version": 0,
          "attributes": {
            "adjustment_type": "",
            "arn": "arn:aws:autoscaling:us-east-1:329599619981:scalingPolicy:34d57474-6621-468b-9c77-63faf4cbd9a1:autoScalingGroupName/app1-auto-scaling-group-20241120202042365900000005:policyName/app1-cpu-target",
            "autoscaling_group_name": "app1-auto-scaling-group-20241120202042365900000005",
            "cooldown": 0,
            "estimated_instance_warmup": 120,
            "id": "app1-cpu-target",
            "metric_aggregation_type": "",
            "min_adjustment_magnitude": null,
            "name": "app1-cpu-target",
            "policy_type": "TargetTrackingScaling",
            "predictive_scaling_configuration": [],
            "scaling_adjustment": 0,
            "step_adjustment": [],
            "target_tracking_configuration": [
              {
                "customized_metric_specification": [],
                "disable_scale_in": false,
                "predefined_metric_specification": [
                  {
                    "predefined_metric_type": "ASGAverageCPUUtilization",
                    "resource_label": ""
                  }
                ],
                "target_value": 75
              }
            ]
          },
          "sensitive_attributes": [],
          "private": "bnVsbA==",
          "dependencies": [
            "aws_autoscaling_group.app1_asg",
            "aws_launch_template.app1_LT",
            "aws_lb_target_group.app1_tg",
            "aws_security_group.app1-sg01-servers",
            "aws_subnet.private-us-east-1a",
            "aws_subnet.private-us-east-1b",
            "aws_subnet.private-us-east-1c",
            "aws_vpc.app1"
          ]
        }
      ]
    },
    {
      "mode": "managed",
      "type": "aws_autoscaling_policy",
      "name": "app2_scaling_policy",
      "provider": "provider[\"registry.terraform.io/hashicorp/aws\"]",
      "instances": [
        {
          "schema_version": 0,
          "attributes": {
            "adjustment_type": "",
            "arn": "arn:aws:autoscaling:us-east-1:329599619981:scalingPolicy:606bcac1-17f3-45c8-95cc-569d8a28cda3:autoScalingGroupName/app1-auto-scaling-group-20241120202042477300000006:policyName/app2-cpu-target",
            "autoscaling_group_name": "app1-auto-scaling-group-20241120202042477300000006",
            "cooldown": 0,
            "estimated_instance_warmup": 120,
            "id": "app2-cpu-target",
            "metric_aggregation_type": "",
            "min_adjustment_magnitude": null,
            "name": "app2-cpu-target",
            "policy_type": "TargetTrackingScaling",
            "predictive_scaling_configuration": [],
            "scaling_adjustment": 0,
            "step_adjustment": [],
            "target_tracking_configuration": [
              {
                "customized_metric_specification": [],
                "disable_scale_in": false,
                "predefined_metric_specification": [
                  {
                    "predefined_metric_type": "ASGAverageCPUUtilization",
                    "resource_label": ""
                  }
                ],
                "target_value": 75
              }
            ]
          },
          "sensitive_attributes": [],
          "private": "bnVsbA==",
          "dependencies": [
            "aws_autoscaling_group.app2_asg",
            "aws_launch_template.app2_LT_443",
            "aws_lb_target_group.app2_tg_443",
            "aws_security_group.app1-sg03-secure-servers",
            "aws_subnet.private-us-east-1a",
            "aws_subnet.private-us-east-1b",
            "aws_subnet.private-us-east-1c",
            "aws_vpc.app1"
          ]
        }
      ]
    },
    {
      "mode": "managed",
      "type": "aws_eip",
      "name": "nat",
      "provider": "provider[\"registry.terraform.io/hashicorp/aws\"]",
      "instances": [
        {
          "schema_version": 0,
          "attributes": {
            "address": null,
            "allocation_id": "eipalloc-00158097b48541405",
            "associate_with_private_ip": null,
            "association_id": "",
            "carrier_ip": "",
            "customer_owned_ip": "",
            "customer_owned_ipv4_pool": "",
            "domain": "vpc",
            "id": "eipalloc-00158097b48541405",
            "instance": "",
            "network_border_group": "us-east-1",
            "network_interface": "",
            "private_dns": null,
            "private_ip": "",
            "public_dns": "ec2-52-22-108-128.compute-1.amazonaws.com",
            "public_ip": "52.22.108.128",
            "public_ipv4_pool": "amazon",
            "tags": {
              "Name": "nat"
            },
            "tags_all": {
              "Name": "nat"
            },
            "timeouts": null,
            "vpc": true
          },
          "sensitive_attributes": [],
          "private": "eyJlMmJmYjczMC1lY2FhLTExZTYtOGY4OC0zNDM2M2JjN2M0YzAiOnsiZGVsZXRlIjoxODAwMDAwMDAwMDAsInJlYWQiOjkwMDAwMDAwMDAwMCwidXBkYXRlIjozMDAwMDAwMDAwMDB9fQ=="
        }
      ]
    },
    {
      "mode": "managed",
      "type": "aws_internet_gateway",
      "name": "igw",
      "provider": "provider[\"registry.terraform.io/hashicorp/aws\"]",
      "instances": [
        {
          "schema_version": 0,
          "attributes": {
            "arn": "arn:aws:ec2:us-east-1:329599619981:internet-gateway/igw-0283faf67b215cc3f",
            "id": "igw-0283faf67b215cc3f",
            "owner_id": "329599619981",
            "tags": {
              "Name": "app1_IG",
              "Owner": "Luke",
              "Planet": "Musafar",
              "Service": "application1"
            },
            "tags_all": {
              "Name": "app1_IG",
              "Owner": "Luke",
              "Planet": "Musafar",
              "Service": "application1"
            },
            "vpc_id": "vpc-0d1cfbec354ab5797"
          },
          "sensitive_attributes": [],
          "private": "bnVsbA==",
          "dependencies": [
            "aws_vpc.app1"
          ]
        }
      ]
    },
    {
      "mode": "managed",
      "type": "aws_launch_template",
      "name": "app1_LT",
      "provider": "provider[\"registry.terraform.io/hashicorp/aws\"]",
      "instances": [
        {
          "schema_version": 0,
          "attributes": {
            "arn": "arn:aws:ec2:us-east-1:329599619981:launch-template/lt-0b460b5e24e21ee31",
            "block_device_mappings": [],
            "capacity_reservation_specification": [],
            "cpu_options": [],
            "credit_specification": [],
            "default_version": 1,
            "description": "",
            "disable_api_termination": false,
            "ebs_optimized": "",
            "elastic_gpu_specifications": [],
            "elastic_inference_accelerator": [],
            "enclave_options": [],
            "hibernation_options": [],
            "iam_instance_profile": [],
            "id": "lt-0b460b5e24e21ee31",
            "image_id": "ami-012967cc5a8c9f891",
            "instance_initiated_shutdown_behavior": "",
            "instance_market_options": [],
            "instance_type": "t2.micro",
            "kernel_id": "",
            "key_name": "MyLinuxBox",
            "latest_version": 1,
            "license_specification": [],
            "metadata_options": [],
            "monitoring": [],
            "name": "app1_LT20241120202041928900000001",
            "name_prefix": "app1_LT",
            "network_interfaces": [],
            "placement": [],
            "ram_disk_id": "",
            "security_group_names": null,
            "tag_specifications": [
              {
                "resource_type": "instance",
                "tags": {
                  "Name": "app1_LT",
                  "Owner": "Chewbacca",
                  "Planet": "Mustafar",
                  "Service": "application1"
                }
              }
            ],
            "tags": null,
            "tags_all": {},
            "update_default_version": null,
            "user_data": "IyEvYmluL2Jhc2gNCnl1bSB1cGRhdGUgLXkNCnl1bSBpbnN0YWxsIC15IGh0dHBkDQpzeXN0ZW1jdGwgc3RhcnQgaHR0cGQNCnN5c3RlbWN0bCBlbmFibGUgaHR0cGQNCg0KIyBHZXQgdGhlIElNRFN2MiB0b2tlbg0KVE9LRU49JChjdXJsIC1YIFBVVCAiaHR0cDovLzE2OS4yNTQuMTY5LjI1NC9sYXRlc3QvYXBpL3Rva2VuIiAtSCAiWC1hd3MtZWMyLW1ldGFkYXRhLXRva2VuLXR0bC1zZWNvbmRzOiAyMTYwMCIpDQoNCiMgQmFja2dyb3VuZCB0aGUgY3VybCByZXF1ZXN0cw0KY3VybCAtSCAiWC1hd3MtZWMyLW1ldGFkYXRhLXRva2VuOiAkVE9LRU4iIC1zIGh0dHA6Ly8xNjkuMjU0LjE2OS4yNTQvbGF0ZXN0L21ldGEtZGF0YS9sb2NhbC1pcHY0ICY+IC90bXAvbG9jYWxfaXB2NCAmDQpjdXJsIC1IICJYLWF3cy1lYzItbWV0YWRhdGEtdG9rZW46ICRUT0tFTiIgLXMgaHR0cDovLzE2OS4yNTQuMTY5LjI1NC9sYXRlc3QvbWV0YS1kYXRhL3BsYWNlbWVudC9hdmFpbGFiaWxpdHktem9uZSAmPiAvdG1wL2F6ICYNCmN1cmwgLUggIlgtYXdzLWVjMi1tZXRhZGF0YS10b2tlbjogJFRPS0VOIiAtcyBodHRwOi8vMTY5LjI1NC4xNjkuMjU0L2xhdGVzdC9tZXRhLWRhdGEvbmV0d29yay9pbnRlcmZhY2VzL21hY3MvICY+IC90bXAvbWFjaWQgJg0Kd2FpdA0KDQptYWNpZD0kKGNhdCAvdG1wL21hY2lkKQ0KbG9jYWxfaXB2ND0kKGNhdCAvdG1wL2xvY2FsX2lwdjQpDQphej0kKGNhdCAvdG1wL2F6KQ0KdnBjPSQoY3VybCAtSCAiWC1hd3MtZWMyLW1ldGFkYXRhLXRva2VuOiAkVE9LRU4iIC1zIGh0dHA6Ly8xNjkuMjU0LjE2OS4yNTQvbGF0ZXN0L21ldGEtZGF0YS9uZXR3b3JrL2ludGVyZmFjZXMvbWFjcy8kbWFjaWQvdnBjLWlkKQ0KDQojIENyZWF0ZSBIVE1MIGZpbGUNCmNhdCA8PC1IVE1MID4gL3Zhci93d3cvaHRtbC9pbmRleC5odG1sDQo8IWRvY3R5cGUgaHRtbD4NCjxodG1sIGxhbmc9ImVuIiBjbGFzcz0iaC0xMDAiPg0KPGhlYWQ+DQo8dGl0bGU+RGV0YWlscyBmb3IgRUMyIGluc3RhbmNlPC90aXRsZT4NCjwvaGVhZD4NCjxib2R5Pg0KPGRpdj4NCjxoMT5FQ1M8L2gxPg0KPGgxPkVDIFNheWlhbnMgRlVDSyBUSEVNIEtpZHM8L2gxPg0KPHA+PGI+SW5zdGFuY2UgTmFtZTo8L2I+ICQoaG9zdG5hbWUgLWYpIDwvcD4NCjxwPjxiPkluc3RhbmNlIFByaXZhdGUgSXAgQWRkcmVzczogPC9iPiAkbG9jYWxfaXB2NDwvcD4NCjxwPjxiPkF2YWlsYWJpbGl0eSBab25lOiA8L2I+ICRhejwvcD4NCjxwPjxiPlZpcnR1YWwgUHJpdmF0ZSBDbG91ZCAoVlBDKTo8L2I+ICR2cGM8L3A+DQo8L2Rpdj4NCjwvYm9keT4NCjxpZnJhbWUgc3JjPSJodHRwczovL2dpcGh5LmNvbS9lbWJlZC8zb3RQb284TkRMT216dlRKRjYiIHdpZHRoPSI0ODAiIGhlaWdodD0iMjY5IiBzdHlsZT0iIiBmcmFtZUJvcmRlcj0iMCIgY2xhc3M9ImdpcGh5LWVtYmVkIiBhbGxvd0Z1bGxTY3JlZW4+DQo8L2lmcmFtZT48cD48YSBocmVmPSJodHRwczovL2ltYWdlcy5maW5lYXJ0YW1lcmljYS5jb20vaW1hZ2VzL2FydHdvcmtpbWFnZXMvbWVkaXVtLzMvYmxhY2stcGFudGhlci1wYWludGluZy1vbGdhLXNodmFydHN1ci5qcGciPnZpYSBHSVBIWTwvYT48L3A+DQo8L2h0bWw+DQpIVE1MDQoNCiMgQ2xlYW4gdXAgdGhlIHRlbXAgZmlsZXMNCnJtIC1mIC90bXAvbG9jYWxfaXB2NCAvdG1wL2F6IC90bXAvbWFjaWQNCg==",
            "vpc_security_group_ids": [
              "sg-01e5a6ed6efeb9646"
            ]
          },
          "sensitive_attributes": [],
          "private": "bnVsbA==",
          "dependencies": [
            "aws_security_group.app1-sg01-servers",
            "aws_vpc.app1"
          ],
          "create_before_destroy": true
        }
      ]
    },
    {
      "mode": "managed",
      "type": "aws_launch_template",
      "name": "app2_LT_443",
      "provider": "provider[\"registry.terraform.io/hashicorp/aws\"]",
      "instances": [
        {
          "schema_version": 0,
          "attributes": {
            "arn": "arn:aws:ec2:us-east-1:329599619981:launch-template/lt-0019caf0769956520",
            "block_device_mappings": [],
            "capacity_reservation_specification": [],
            "cpu_options": [],
            "credit_specification": [],
            "default_version": 1,
            "description": "",
            "disable_api_termination": false,
            "ebs_optimized": "",
            "elastic_gpu_specifications": [],
            "elastic_inference_accelerator": [],
            "enclave_options": [],
            "hibernation_options": [],
            "iam_instance_profile": [],
            "id": "lt-0019caf0769956520",
            "image_id": "ami-012967cc5a8c9f891",
            "instance_initiated_shutdown_behavior": "",
            "instance_market_options": [],
            "instance_type": "t2.micro",
            "kernel_id": "",
            "key_name": "MyLinuxBox",
            "latest_version": 1,
            "license_specification": [],
            "metadata_options": [],
            "monitoring": [],
            "name": "app2_LT_44320241120202042011900000003",
            "name_prefix": "app2_LT_443",
            "network_interfaces": [],
            "placement": [],
            "ram_disk_id": "",
            "security_group_names": null,
            "tag_specifications": [
              {
                "resource_type": "instance",
                "tags": {
                  "Name": "app2_Secure_443",
                  "Owner": "Chewbacca",
                  "Planet": "Mustafar",
                  "Service": "application1"
                }
              }
            ],
            "tags": null,
            "tags_all": {},
            "update_default_version": null,
            "user_data": "IyEvYmluL2Jhc2gNCnl1bSB1cGRhdGUgLXkNCnl1bSBpbnN0YWxsIC15IGh0dHBkDQpzeXN0ZW1jdGwgc3RhcnQgaHR0cGQNCnN5c3RlbWN0bCBlbmFibGUgaHR0cGQNCg0KIyBHZXQgdGhlIElNRFN2MiB0b2tlbg0KVE9LRU49JChjdXJsIC1YIFBVVCAiaHR0cDovLzE2OS4yNTQuMTY5LjI1NC9sYXRlc3QvYXBpL3Rva2VuIiAtSCAiWC1hd3MtZWMyLW1ldGFkYXRhLXRva2VuLXR0bC1zZWNvbmRzOiAyMTYwMCIpDQoNCiMgQmFja2dyb3VuZCB0aGUgY3VybCByZXF1ZXN0cw0KY3VybCAtSCAiWC1hd3MtZWMyLW1ldGFkYXRhLXRva2VuOiAkVE9LRU4iIC1zIGh0dHA6Ly8xNjkuMjU0LjE2OS4yNTQvbGF0ZXN0L21ldGEtZGF0YS9sb2NhbC1pcHY0ICY+IC90bXAvbG9jYWxfaXB2NCAmDQpjdXJsIC1IICJYLWF3cy1lYzItbWV0YWRhdGEtdG9rZW46ICRUT0tFTiIgLXMgaHR0cDovLzE2OS4yNTQuMTY5LjI1NC9sYXRlc3QvbWV0YS1kYXRhL3BsYWNlbWVudC9hdmFpbGFiaWxpdHktem9uZSAmPiAvdG1wL2F6ICYNCmN1cmwgLUggIlgtYXdzLWVjMi1tZXRhZGF0YS10b2tlbjogJFRPS0VOIiAtcyBodHRwOi8vMTY5LjI1NC4xNjkuMjU0L2xhdGVzdC9tZXRhLWRhdGEvbmV0d29yay9pbnRlcmZhY2VzL21hY3MvICY+IC90bXAvbWFjaWQgJg0Kd2FpdA0KDQptYWNpZD0kKGNhdCAvdG1wL21hY2lkKQ0KbG9jYWxfaXB2ND0kKGNhdCAvdG1wL2xvY2FsX2lwdjQpDQphej0kKGNhdCAvdG1wL2F6KQ0KdnBjPSQoY3VybCAtSCAiWC1hd3MtZWMyLW1ldGFkYXRhLXRva2VuOiAkVE9LRU4iIC1zIGh0dHA6Ly8xNjkuMjU0LjE2OS4yNTQvbGF0ZXN0L21ldGEtZGF0YS9uZXR3b3JrL2ludGVyZmFjZXMvbWFjcy8kbWFjaWQvdnBjLWlkKQ0KDQojIENyZWF0ZSBIVE1MIGZpbGUNCmNhdCA8PC1IVE1MID4gL3Zhci93d3cvaHRtbC9pbmRleC5odG1sDQo8IWRvY3R5cGUgaHRtbD4NCjxodG1sIGxhbmc9ImVuIiBjbGFzcz0iaC0xMDAiPg0KPGhlYWQ+DQo8dGl0bGU+RGV0YWlscyBmb3IgRUMyIGluc3RhbmNlPC90aXRsZT4NCjwvaGVhZD4NCjxib2R5Pg0KPGRpdj4NCjxoMT5FYXN0IENvYXN0PC9oMT4NCjxoMT5TYXlpYW5zIDRMSUZFPC9oMT4NCjxwPjxiPkluc3RhbmNlIE5hbWU6PC9iPiAkKGhvc3RuYW1lIC1mKSA8L3A+DQo8cD48Yj5JbnN0YW5jZSBQcml2YXRlIElwIEFkZHJlc3M6IDwvYj4gJGxvY2FsX2lwdjQ8L3A+DQo8cD48Yj5BdmFpbGFiaWxpdHkgWm9uZTogPC9iPiAkYXo8L3A+DQo8cD48Yj5WaXJ0dWFsIFByaXZhdGUgQ2xvdWQgKFZQQyk6PC9iPiAkdnBjPC9wPg0KPC9kaXY+DQo8L2JvZHk+DQo8aWZyYW1lIHNyYz0iaHR0cHM6Ly9naXBoeS5jb20vZW1iZWQvV04xNmtCVEtWQUV1SSIgd2lkdGg9IjQ4MCIgaGVpZ2h0PSI0MjciIHN0eWxlPSIiIGZyYW1lQm9yZGVyPSIwIiBjbGFzcz0iZ2lwaHktZW1iZWQiIGFsbG93RnVsbFNjcmVlbj48L2lmcmFtZT48cD48YSBocmVmPSJodHRwczovL2dpcGh5LmNvbS9naWZzL2dva3UtV04xNmtCVEtWQUV1SSI+dmlhIEdJUEhZPC9hPjwvcD4NCjwvaHRtbD4NCkhUTUwNCg0KIyBDbGVhbiB1cCB0aGUgdGVtcCBmaWxlcw0Kcm0gLWYgL3RtcC9sb2NhbF9pcHY0IC90bXAvYXogL3RtcC9tYWNpZA0K",
            "vpc_security_group_ids": [
              "sg-0997dc0693c475661"
            ]
          },
          "sensitive_attributes": [],
          "private": "bnVsbA==",
          "dependencies": [
            "aws_security_group.app1-sg03-secure-servers",
            "aws_vpc.app1"
          ],
          "create_before_destroy": true
        }
      ]
    },
    {
      "mode": "managed",
      "type": "aws_lb",
      "name": "app1_alb",
      "provider": "provider[\"registry.terraform.io/hashicorp/aws\"]",
      "instances": [
        {
          "schema_version": 0,
          "attributes": {
            "access_logs": [
              {
                "bucket": "",
                "enabled": false,
                "prefix": ""
              }
            ],
            "arn": "arn:aws:elasticloadbalancing:us-east-1:329599619981:loadbalancer/app/app1-load-balancer/a1450f1bd7a57117",
            "arn_suffix": "app/app1-load-balancer/a1450f1bd7a57117",
            "customer_owned_ipv4_pool": "",
            "desync_mitigation_mode": "defensive",
            "dns_name": "app1-load-balancer-1955774132.us-east-1.elb.amazonaws.com",
            "drop_invalid_header_fields": false,
            "enable_cross_zone_load_balancing": true,
            "enable_deletion_protection": false,
            "enable_http2": true,
            "enable_waf_fail_open": false,
            "id": "arn:aws:elasticloadbalancing:us-east-1:329599619981:loadbalancer/app/app1-load-balancer/a1450f1bd7a57117",
            "idle_timeout": 60,
            "internal": false,
            "ip_address_type": "ipv4",
            "load_balancer_type": "application",
            "name": "app1-load-balancer",
            "name_prefix": null,
            "security_groups": [
              "sg-02792845731fff16f"
            ],
            "subnet_mapping": [
              {
                "allocation_id": "",
                "ipv6_address": "",
                "outpost_id": "",
                "private_ipv4_address": "",
                "subnet_id": "subnet-001e3619974d8b4a3"
              },
              {
                "allocation_id": "",
                "ipv6_address": "",
                "outpost_id": "",
                "private_ipv4_address": "",
                "subnet_id": "subnet-02fcc584b4bed57a5"
              },
              {
                "allocation_id": "",
                "ipv6_address": "",
                "outpost_id": "",
                "private_ipv4_address": "",
                "subnet_id": "subnet-0847f7737396cc2b5"
              }
            ],
            "subnets": [
              "subnet-001e3619974d8b4a3",
              "subnet-02fcc584b4bed57a5",
              "subnet-0847f7737396cc2b5"
            ],
            "tags": {
              "Name": "App1LoadBalancer",
              "Owner": "ECS",
              "Project": "MultiApp",
              "Service": "MultiApp"
            },
            "tags_all": {
              "Name": "App1LoadBalancer",
              "Owner": "ECS",
              "Project": "MultiApp",
              "Service": "MultiApp"
            },
            "timeouts": null,
            "vpc_id": "vpc-0d1cfbec354ab5797",
            "zone_id": "Z35SXDOTRQ7X7K"
          },
          "sensitive_attributes": [],
          "private": "eyJlMmJmYjczMC1lY2FhLTExZTYtOGY4OC0zNDM2M2JjN2M0YzAiOnsiY3JlYXRlIjo2MDAwMDAwMDAwMDAsImRlbGV0ZSI6NjAwMDAwMDAwMDAwLCJ1cGRhdGUiOjYwMDAwMDAwMDAwMH19",
          "dependencies": [
            "aws_security_group.app1-sg02-LB01",
            "aws_subnet.public-us-east-1a",
            "aws_subnet.public-us-east-1b",
            "aws_subnet.public-us-east-1c",
            "aws_vpc.app1"
          ]
        }
      ]
    },
    {
      "mode": "managed",
      "type": "aws_lb_listener",
      "name": "http",
      "provider": "provider[\"registry.terraform.io/hashicorp/aws\"]",
      "instances": [
        {
          "schema_version": 0,
          "attributes": {
            "alpn_policy": null,
            "arn": "arn:aws:elasticloadbalancing:us-east-1:329599619981:listener/app/app1-load-balancer/a1450f1bd7a57117/8c2de87ad319209a",
            "certificate_arn": null,
            "default_action": [
              {
                "authenticate_cognito": [],
                "authenticate_oidc": [],
                "fixed_response": [],
                "forward": [],
                "order": 1,
                "redirect": [],
                "target_group_arn": "arn:aws:elasticloadbalancing:us-east-1:329599619981:targetgroup/app1-target-group/96cb7977a1cebdde",
                "type": "forward"
              }
            ],
            "id": "arn:aws:elasticloadbalancing:us-east-1:329599619981:listener/app/app1-load-balancer/a1450f1bd7a57117/8c2de87ad319209a",
            "load_balancer_arn": "arn:aws:elasticloadbalancing:us-east-1:329599619981:loadbalancer/app/app1-load-balancer/a1450f1bd7a57117",
            "port": 80,
            "protocol": "HTTP",
            "ssl_policy": "",
            "tags": null,
            "tags_all": {},
            "timeouts": null
          },
          "sensitive_attributes": [],
          "private": "eyJlMmJmYjczMC1lY2FhLTExZTYtOGY4OC0zNDM2M2JjN2M0YzAiOnsicmVhZCI6NjAwMDAwMDAwMDAwfX0=",
          "dependencies": [
            "aws_lb.app1_alb",
            "aws_lb_target_group.app1_tg",
            "aws_security_group.app1-sg02-LB01",
            "aws_subnet.public-us-east-1a",
            "aws_subnet.public-us-east-1b",
            "aws_subnet.public-us-east-1c",
            "aws_vpc.app1"
          ]
        }
      ]
    },
    {
      "mode": "managed",
      "type": "aws_lb_listener",
      "name": "https",
      "provider": "provider[\"registry.terraform.io/hashicorp/aws\"]",
      "instances": [
        {
          "schema_version": 0,
          "attributes": {
            "alpn_policy": null,
            "arn": "arn:aws:elasticloadbalancing:us-east-1:329599619981:listener/app/app1-load-balancer/a1450f1bd7a57117/db97c1e1dc8eae32",
            "certificate_arn": "arn:aws:acm:us-east-1:329599619981:certificate/3dcabd10-7e38-4c48-baa9-cc9f2303eff1",
            "default_action": [
              {
                "authenticate_cognito": [],
                "authenticate_oidc": [],
                "fixed_response": [],
                "forward": [],
                "order": 1,
                "redirect": [],
                "target_group_arn": "arn:aws:elasticloadbalancing:us-east-1:329599619981:targetgroup/app2tg443/0906c62634b978c5",
                "type": "forward"
              }
            ],
            "id": "arn:aws:elasticloadbalancing:us-east-1:329599619981:listener/app/app1-load-balancer/a1450f1bd7a57117/db97c1e1dc8eae32",
            "load_balancer_arn": "arn:aws:elasticloadbalancing:us-east-1:329599619981:loadbalancer/app/app1-load-balancer/a1450f1bd7a57117",
            "port": 443,
            "protocol": "HTTPS",
            "ssl_policy": "ELBSecurityPolicy-2016-08",
            "tags": null,
            "tags_all": {},
            "timeouts": null
          },
          "sensitive_attributes": [],
          "private": "eyJlMmJmYjczMC1lY2FhLTExZTYtOGY4OC0zNDM2M2JjN2M0YzAiOnsicmVhZCI6NjAwMDAwMDAwMDAwfX0=",
          "dependencies": [
            "aws_lb.app1_alb",
            "aws_lb_target_group.app2_tg_443",
            "aws_security_group.app1-sg02-LB01",
            "aws_subnet.public-us-east-1a",
            "aws_subnet.public-us-east-1b",
            "aws_subnet.public-us-east-1c",
            "aws_vpc.app1",
            "data.aws_acm_certificate.cert"
          ]
        }
      ]
    },
    {
      "mode": "managed",
      "type": "aws_lb_target_group",
      "name": "app1_tg",
      "provider": "provider[\"registry.terraform.io/hashicorp/aws\"]",
      "instances": [
        {
          "schema_version": 0,
          "attributes": {
            "arn": "arn:aws:elasticloadbalancing:us-east-1:329599619981:targetgroup/app1-target-group/96cb7977a1cebdde",
            "arn_suffix": "targetgroup/app1-target-group/96cb7977a1cebdde",
            "connection_termination": false,
            "deregistration_delay": "300",
            "health_check": [
              {
                "enabled": true,
                "healthy_threshold": 5,
                "interval": 30,
                "matcher": "200",
                "path": "/",
                "port": "traffic-port",
                "protocol": "HTTP",
                "timeout": 5,
                "unhealthy_threshold": 2
              }
            ],
            "id": "arn:aws:elasticloadbalancing:us-east-1:329599619981:targetgroup/app1-target-group/96cb7977a1cebdde",
            "lambda_multi_value_headers_enabled": false,
            "load_balancing_algorithm_type": "round_robin",
            "name": "app1-target-group",
            "name_prefix": null,
            "port": 80,
            "preserve_client_ip": null,
            "protocol": "HTTP",
            "protocol_version": "HTTP1",
            "proxy_protocol_v2": false,
            "slow_start": 0,
            "stickiness": [
              {
                "cookie_duration": 86400,
                "cookie_name": "",
                "enabled": false,
                "type": "lb_cookie"
              }
            ],
            "tags": {
              "Name": "App1TargetGroup",
              "Owner": "ECS",
              "Project": "App1",
              "Service": "App1"
            },
            "tags_all": {
              "Name": "App1TargetGroup",
              "Owner": "ECS",
              "Project": "App1",
              "Service": "App1"
            },
            "target_type": "instance",
            "vpc_id": "vpc-0d1cfbec354ab5797"
          },
          "sensitive_attributes": [],
          "private": "bnVsbA==",
          "dependencies": [
            "aws_vpc.app1"
          ]
        }
      ]
    },
    {
      "mode": "managed",
      "type": "aws_lb_target_group",
      "name": "app2_tg_443",
      "provider": "provider[\"registry.terraform.io/hashicorp/aws\"]",
      "instances": [
        {
          "schema_version": 0,
          "attributes": {
            "arn": "arn:aws:elasticloadbalancing:us-east-1:329599619981:targetgroup/app2tg443/0906c62634b978c5",
            "arn_suffix": "targetgroup/app2tg443/0906c62634b978c5",
            "connection_termination": false,
            "deregistration_delay": "300",
            "health_check": [
              {
                "enabled": true,
                "healthy_threshold": 5,
                "interval": 30,
                "matcher": "200",
                "path": "/",
                "port": "traffic-port",
                "protocol": "HTTP",
                "timeout": 5,
                "unhealthy_threshold": 2
              }
            ],
            "id": "arn:aws:elasticloadbalancing:us-east-1:329599619981:targetgroup/app2tg443/0906c62634b978c5",
            "lambda_multi_value_headers_enabled": false,
            "load_balancing_algorithm_type": "round_robin",
            "name": "app2tg443",
            "name_prefix": null,
            "port": 80,
            "preserve_client_ip": null,
            "protocol": "HTTP",
            "protocol_version": "HTTP1",
            "proxy_protocol_v2": false,
            "slow_start": 0,
            "stickiness": [
              {
                "cookie_duration": 86400,
                "cookie_name": "",
                "enabled": false,
                "type": "lb_cookie"
              }
            ],
            "tags": {
              "Name": "app2_tg_443",
              "Owner": "ECS",
              "Project": "App2",
              "Service": "App2"
            },
            "tags_all": {
              "Name": "app2_tg_443",
              "Owner": "ECS",
              "Project": "App2",
              "Service": "App2"
            },
            "target_type": "instance",
            "vpc_id": "vpc-0d1cfbec354ab5797"
          },
          "sensitive_attributes": [],
          "private": "bnVsbA==",
          "dependencies": [
            "aws_vpc.app1"
          ]
        }
      ]
    },
    {
      "mode": "managed",
      "type": "aws_nat_gateway",
      "name": "nat",
      "provider": "provider[\"registry.terraform.io/hashicorp/aws\"]",
      "instances": [
        {
          "schema_version": 0,
          "attributes": {
            "allocation_id": "eipalloc-00158097b48541405",
            "connectivity_type": "public",
            "id": "nat-097adebad39995c60",
            "network_interface_id": "eni-0df1388b0d853d529",
            "private_ip": "10.32.1.254",
            "public_ip": "52.22.108.128",
            "subnet_id": "subnet-001e3619974d8b4a3",
            "tags": {
              "Name": "nat"
            },
            "tags_all": {
              "Name": "nat"
            }
          },
          "sensitive_attributes": [],
          "private": "bnVsbA==",
          "dependencies": [
            "aws_eip.nat",
            "aws_internet_gateway.igw",
            "aws_subnet.public-us-east-1a",
            "aws_vpc.app1"
          ]
        }
      ]
    },
    {
      "mode": "managed",
      "type": "aws_route53_record",
      "name": "www",
      "provider": "provider[\"registry.terraform.io/hashicorp/aws\"]",
      "instances": [
        {
          "schema_version": 2,
          "attributes": {
            "alias": [
              {
                "evaluate_target_health": true,
                "name": "app1-load-balancer-1955774132.us-east-1.elb.amazonaws.com",
                "zone_id": "Z35SXDOTRQ7X7K"
              }
            ],
            "allow_overwrite": null,
            "failover_routing_policy": [],
            "fqdn": "rahde.click",
            "geolocation_routing_policy": [],
            "health_check_id": null,
            "id": "Z0253192166X8K07S6K1W_rahde.click_A",
            "latency_routing_policy": [],
            "multivalue_answer_routing_policy": null,
            "name": "rahde.click",
            "records": null,
            "set_identifier": null,
            "ttl": null,
            "type": "A",
            "weighted_routing_policy": [],
            "zone_id": "Z0253192166X8K07S6K1W"
          },
          "sensitive_attributes": [],
          "private": "eyJzY2hlbWFfdmVyc2lvbiI6IjIifQ==",
          "dependencies": [
            "aws_lb.app1_alb",
            "aws_security_group.app1-sg02-LB01",
            "aws_subnet.public-us-east-1a",
            "aws_subnet.public-us-east-1b",
            "aws_subnet.public-us-east-1c",
            "aws_vpc.app1",
            "data.aws_route53_zone.main"
          ]
        }
      ]
    },
    {
      "mode": "managed",
      "type": "aws_route_table",
      "name": "private",
      "provider": "provider[\"registry.terraform.io/hashicorp/aws\"]",
      "instances": [
        {
          "schema_version": 0,
          "attributes": {
            "arn": "arn:aws:ec2:us-east-1:329599619981:route-table/rtb-004d0cfeeeec905f7",
            "id": "rtb-004d0cfeeeec905f7",
            "owner_id": "329599619981",
            "propagating_vgws": [],
            "route": [
              {
                "carrier_gateway_id": "",
                "cidr_block": "0.0.0.0/0",
                "destination_prefix_list_id": "",
                "egress_only_gateway_id": "",
                "gateway_id": "",
                "instance_id": "",
                "ipv6_cidr_block": "",
                "local_gateway_id": "",
                "nat_gateway_id": "nat-097adebad39995c60",
                "network_interface_id": "",
                "transit_gateway_id": "",
                "vpc_endpoint_id": "",
                "vpc_peering_connection_id": ""
              }
            ],
            "tags": {
              "Name": "private"
            },
            "tags_all": {
              "Name": "private"
            },
            "timeouts": null,
            "vpc_id": "vpc-0d1cfbec354ab5797"
          },
          "sensitive_attributes": [],
          "private": "eyJlMmJmYjczMC1lY2FhLTExZTYtOGY4OC0zNDM2M2JjN2M0YzAiOnsiY3JlYXRlIjozMDAwMDAwMDAwMDAsImRlbGV0ZSI6MzAwMDAwMDAwMDAwLCJ1cGRhdGUiOjEyMDAwMDAwMDAwMH19",
          "dependencies": [
            "aws_eip.nat",
            "aws_internet_gateway.igw",
            "aws_nat_gateway.nat",
            "aws_subnet.public-us-east-1a",
            "aws_vpc.app1"
          ]
        }
      ]
    },
    {
      "mode": "managed",
      "type": "aws_route_table",
      "name": "public",
      "provider": "provider[\"registry.terraform.io/hashicorp/aws\"]",
      "instances": [
        {
          "schema_version": 0,
          "attributes": {
            "arn": "arn:aws:ec2:us-east-1:329599619981:route-table/rtb-0b3013bb35b88cfe4",
            "id": "rtb-0b3013bb35b88cfe4",
            "owner_id": "329599619981",
            "propagating_vgws": [],
            "route": [
              {
                "carrier_gateway_id": "",
                "cidr_block": "0.0.0.0/0",
                "destination_prefix_list_id": "",
                "egress_only_gateway_id": "",
                "gateway_id": "igw-0283faf67b215cc3f",
                "instance_id": "",
                "ipv6_cidr_block": "",
                "local_gateway_id": "",
                "nat_gateway_id": "",
                "network_interface_id": "",
                "transit_gateway_id": "",
                "vpc_endpoint_id": "",
                "vpc_peering_connection_id": ""
              }
            ],
            "tags": {
              "Name": "public"
            },
            "tags_all": {
              "Name": "public"
            },
            "timeouts": null,
            "vpc_id": "vpc-0d1cfbec354ab5797"
          },
          "sensitive_attributes": [],
          "private": "eyJlMmJmYjczMC1lY2FhLTExZTYtOGY4OC0zNDM2M2JjN2M0YzAiOnsiY3JlYXRlIjozMDAwMDAwMDAwMDAsImRlbGV0ZSI6MzAwMDAwMDAwMDAwLCJ1cGRhdGUiOjEyMDAwMDAwMDAwMH19",
          "dependencies": [
            "aws_internet_gateway.igw",
            "aws_vpc.app1"
          ]
        }
      ]
    },
    {
      "mode": "managed",
      "type": "aws_route_table_association",
      "name": "private-us-east-1a",
      "provider": "provider[\"registry.terraform.io/hashicorp/aws\"]",
      "instances": [
        {
          "schema_version": 0,
          "attributes": {
            "gateway_id": "",
            "id": "rtbassoc-0e34f30d8bb81ead8",
            "route_table_id": "rtb-004d0cfeeeec905f7",
            "subnet_id": "subnet-0a815d9092ef24feb"
          },
          "sensitive_attributes": [],
          "private": "bnVsbA==",
          "dependencies": [
            "aws_eip.nat",
            "aws_internet_gateway.igw",
            "aws_nat_gateway.nat",
            "aws_route_table.private",
            "aws_subnet.private-us-east-1a",
            "aws_subnet.public-us-east-1a",
            "aws_vpc.app1"
          ]
        }
      ]
    },
    {
      "mode": "managed",
      "type": "aws_route_table_association",
      "name": "private-us-east-1b",
      "provider": "provider[\"registry.terraform.io/hashicorp/aws\"]",
      "instances": [
        {
          "schema_version": 0,
          "attributes": {
            "gateway_id": "",
            "id": "rtbassoc-04c64925a5a9aa7cc",
            "route_table_id": "rtb-004d0cfeeeec905f7",
            "subnet_id": "subnet-068b006a9bba2c151"
          },
          "sensitive_attributes": [],
          "private": "bnVsbA==",
          "dependencies": [
            "aws_eip.nat",
            "aws_internet_gateway.igw",
            "aws_nat_gateway.nat",
            "aws_route_table.private",
            "aws_subnet.private-us-east-1b",
            "aws_subnet.public-us-east-1a",
            "aws_vpc.app1"
          ]
        }
      ]
    },
    {
      "mode": "managed",
      "type": "aws_route_table_association",
      "name": "private-us-east-1c",
      "provider": "provider[\"registry.terraform.io/hashicorp/aws\"]",
      "instances": [
        {
          "schema_version": 0,
          "attributes": {
            "gateway_id": "",
            "id": "rtbassoc-0fc94ba20a3eb44a2",
            "route_table_id": "rtb-004d0cfeeeec905f7",
            "subnet_id": "subnet-05eedd71c4ea2aee2"
          },
          "sensitive_attributes": [],
          "private": "bnVsbA==",
          "dependencies": [
            "aws_eip.nat",
            "aws_internet_gateway.igw",
            "aws_nat_gateway.nat",
            "aws_route_table.private",
            "aws_subnet.private-us-east-1c",
            "aws_subnet.public-us-east-1a",
            "aws_vpc.app1"
          ]
        }
      ]
    },
    {
      "mode": "managed",
      "type": "aws_route_table_association",
      "name": "public-us-east-1a",
      "provider": "provider[\"registry.terraform.io/hashicorp/aws\"]",
      "instances": [
        {
          "schema_version": 0,
          "attributes": {
            "gateway_id": "",
            "id": "rtbassoc-086fafbf92970514f",
            "route_table_id": "rtb-0b3013bb35b88cfe4",
            "subnet_id": "subnet-001e3619974d8b4a3"
          },
          "sensitive_attributes": [],
          "private": "bnVsbA==",
          "dependencies": [
            "aws_internet_gateway.igw",
            "aws_route_table.public",
            "aws_subnet.public-us-east-1a",
            "aws_vpc.app1"
          ]
        }
      ]
    },
    {
      "mode": "managed",
      "type": "aws_route_table_association",
      "name": "public-us-east-1b",
      "provider": "provider[\"registry.terraform.io/hashicorp/aws\"]",
      "instances": [
        {
          "schema_version": 0,
          "attributes": {
            "gateway_id": "",
            "id": "rtbassoc-06ae91a37c85b144b",
            "route_table_id": "rtb-0b3013bb35b88cfe4",
            "subnet_id": "subnet-02fcc584b4bed57a5"
          },
          "sensitive_attributes": [],
          "private": "bnVsbA==",
          "dependencies": [
            "aws_internet_gateway.igw",
            "aws_route_table.public",
            "aws_subnet.public-us-east-1b",
            "aws_vpc.app1"
          ]
        }
      ]
    },
    {
      "mode": "managed",
      "type": "aws_route_table_association",
      "name": "public-us-east-1c",
      "provider": "provider[\"registry.terraform.io/hashicorp/aws\"]",
      "instances": [
        {
          "schema_version": 0,
          "attributes": {
            "gateway_id": "",
            "id": "rtbassoc-0781bd552af3f7531",
            "route_table_id": "rtb-0b3013bb35b88cfe4",
            "subnet_id": "subnet-0847f7737396cc2b5"
          },
          "sensitive_attributes": [],
          "private": "bnVsbA==",
          "dependencies": [
            "aws_internet_gateway.igw",
            "aws_route_table.public",
            "aws_subnet.public-us-east-1c",
            "aws_vpc.app1"
          ]
        }
      ]
    },
    {
      "mode": "managed",
      "type": "aws_security_group",
      "name": "app1-sg01-servers",
      "provider": "provider[\"registry.terraform.io/hashicorp/aws\"]",
      "instances": [
        {
          "schema_version": 1,
          "attributes": {
            "arn": "arn:aws:ec2:us-east-1:329599619981:security-group/sg-01e5a6ed6efeb9646",
            "description": "app1-sg01-servers",
            "egress": [
              {
                "cidr_blocks": [
                  "0.0.0.0/0"
                ],
                "description": "",
                "from_port": 0,
                "ipv6_cidr_blocks": [],
                "prefix_list_ids": [],
                "protocol": "-1",
                "security_groups": [],
                "self": false,
                "to_port": 0
              }
            ],
            "id": "sg-01e5a6ed6efeb9646",
            "ingress": [
              {
                "cidr_blocks": [
                  "0.0.0.0/0"
                ],
                "description": "MyHomePage",
                "from_port": 80,
                "ipv6_cidr_blocks": [],
                "prefix_list_ids": [],
                "protocol": "tcp",
                "security_groups": [],
                "self": false,
                "to_port": 80
              }
            ],
            "name": "app1-sg01-servers",
            "name_prefix": "",
            "owner_id": "329599619981",
            "revoke_rules_on_delete": false,
            "tags": {
              "Name": "app1-sg01-servers",
              "Owner": "Luke",
              "Planet": "Musafar",
              "Service": "application1"
            },
            "tags_all": {
              "Name": "app1-sg01-servers",
              "Owner": "Luke",
              "Planet": "Musafar",
              "Service": "application1"
            },
            "timeouts": null,
            "vpc_id": "vpc-0d1cfbec354ab5797"
          },
          "sensitive_attributes": [],
          "private": "eyJlMmJmYjczMC1lY2FhLTExZTYtOGY4OC0zNDM2M2JjN2M0YzAiOnsiY3JlYXRlIjo2MDAwMDAwMDAwMDAsImRlbGV0ZSI6OTAwMDAwMDAwMDAwfSwic2NoZW1hX3ZlcnNpb24iOiIxIn0=",
          "dependencies": [
            "aws_vpc.app1"
          ],
          "create_before_destroy": true
        }
      ]
    },
    {
      "mode": "managed",
      "type": "aws_security_group",
      "name": "app1-sg02-LB01",
      "provider": "provider[\"registry.terraform.io/hashicorp/aws\"]",
      "instances": [
        {
          "schema_version": 1,
          "attributes": {
            "arn": "arn:aws:ec2:us-east-1:329599619981:security-group/sg-02792845731fff16f",
            "description": "app1-sg02-LB01",
            "egress": [
              {
                "cidr_blocks": [
                  "0.0.0.0/0"
                ],
                "description": "",
                "from_port": 0,
                "ipv6_cidr_blocks": [],
                "prefix_list_ids": [],
                "protocol": "-1",
                "security_groups": [],
                "self": false,
                "to_port": 0
              }
            ],
            "id": "sg-02792845731fff16f",
            "ingress": [
              {
                "cidr_blocks": [
                  "0.0.0.0/0"
                ],
                "description": "MyHomePage",
                "from_port": 80,
                "ipv6_cidr_blocks": [],
                "prefix_list_ids": [],
                "protocol": "tcp",
                "security_groups": [],
                "self": false,
                "to_port": 80
              },
              {
                "cidr_blocks": [
                  "0.0.0.0/0"
                ],
                "description": "Secure",
                "from_port": 443,
                "ipv6_cidr_blocks": [],
                "prefix_list_ids": [],
                "protocol": "tcp",
                "security_groups": [],
                "self": false,
                "to_port": 443
              }
            ],
            "name": "app1-sg02-LB01",
            "name_prefix": "",
            "owner_id": "329599619981",
            "revoke_rules_on_delete": false,
            "tags": {
              "Name": "app1-sg02-LB01",
              "Owner": "Luke",
              "Planet": "Musafar",
              "Service": "application1"
            },
            "tags_all": {
              "Name": "app1-sg02-LB01",
              "Owner": "Luke",
              "Planet": "Musafar",
              "Service": "application1"
            },
            "timeouts": null,
            "vpc_id": "vpc-0d1cfbec354ab5797"
          },
          "sensitive_attributes": [],
          "private": "eyJlMmJmYjczMC1lY2FhLTExZTYtOGY4OC0zNDM2M2JjN2M0YzAiOnsiY3JlYXRlIjo2MDAwMDAwMDAwMDAsImRlbGV0ZSI6OTAwMDAwMDAwMDAwfSwic2NoZW1hX3ZlcnNpb24iOiIxIn0=",
          "dependencies": [
            "aws_vpc.app1"
          ]
        }
      ]
    },
    {
      "mode": "managed",
      "type": "aws_security_group",
      "name": "app1-sg03-secure-servers",
      "provider": "provider[\"registry.terraform.io/hashicorp/aws\"]",
      "instances": [
        {
          "schema_version": 1,
          "attributes": {
            "arn": "arn:aws:ec2:us-east-1:329599619981:security-group/sg-0997dc0693c475661",
            "description": "app1-sg03-secure-servers",
            "egress": [
              {
                "cidr_blocks": [
                  "0.0.0.0/0"
                ],
                "description": "",
                "from_port": 0,
                "ipv6_cidr_blocks": [],
                "prefix_list_ids": [],
                "protocol": "-1",
                "security_groups": [],
                "self": false,
                "to_port": 0
              }
            ],
            "id": "sg-0997dc0693c475661",
            "ingress": [
              {
                "cidr_blocks": [
                  "0.0.0.0/0"
                ],
                "description": "MyHomePage",
                "from_port": 80,
                "ipv6_cidr_blocks": [],
                "prefix_list_ids": [],
                "protocol": "tcp",
                "security_groups": [],
                "self": false,
                "to_port": 80
              }
            ],
            "name": "app1-sg03-secure-servers",
            "name_prefix": "",
            "owner_id": "329599619981",
            "revoke_rules_on_delete": false,
            "tags": {
              "Name": "app1-sg03-secure-servers",
              "Owner": "Luke",
              "Planet": "Musafar",
              "Service": "application1"
            },
            "tags_all": {
              "Name": "app1-sg03-secure-servers",
              "Owner": "Luke",
              "Planet": "Musafar",
              "Service": "application1"
            },
            "timeouts": null,
            "vpc_id": "vpc-0d1cfbec354ab5797"
          },
          "sensitive_attributes": [],
          "private": "eyJlMmJmYjczMC1lY2FhLTExZTYtOGY4OC0zNDM2M2JjN2M0YzAiOnsiY3JlYXRlIjo2MDAwMDAwMDAwMDAsImRlbGV0ZSI6OTAwMDAwMDAwMDAwfSwic2NoZW1hX3ZlcnNpb24iOiIxIn0=",
          "dependencies": [
            "aws_vpc.app1"
          ],
          "create_before_destroy": true
        }
      ]
    },
    {
      "mode": "managed",
      "type": "aws_subnet",
      "name": "private-us-east-1a",
      "provider": "provider[\"registry.terraform.io/hashicorp/aws\"]",
      "instances": [
        {
          "schema_version": 1,
          "attributes": {
            "arn": "arn:aws:ec2:us-east-1:329599619981:subnet/subnet-0a815d9092ef24feb",
            "assign_ipv6_address_on_creation": false,
            "availability_zone": "us-east-1a",
            "availability_zone_id": "use1-az4",
            "cidr_block": "10.32.11.0/24",
            "customer_owned_ipv4_pool": "",
            "enable_dns64": false,
            "enable_resource_name_dns_a_record_on_launch": false,
            "enable_resource_name_dns_aaaa_record_on_launch": false,
            "id": "subnet-0a815d9092ef24feb",
            "ipv6_cidr_block": "",
            "ipv6_cidr_block_association_id": "",
            "ipv6_native": false,
            "map_customer_owned_ip_on_launch": false,
            "map_public_ip_on_launch": false,
            "outpost_arn": "",
            "owner_id": "329599619981",
            "private_dns_hostname_type_on_launch": "ip-name",
            "tags": {
              "Name": "private-us-east-1a",
              "Owner": "Luke",
              "Planet": "Musafar",
              "Service": "application1"
            },
            "tags_all": {
              "Name": "private-us-east-1a",
              "Owner": "Luke",
              "Planet": "Musafar",
              "Service": "application1"
            },
            "timeouts": null,
            "vpc_id": "vpc-0d1cfbec354ab5797"
          },
          "sensitive_attributes": [],
          "private": "eyJlMmJmYjczMC1lY2FhLTExZTYtOGY4OC0zNDM2M2JjN2M0YzAiOnsiY3JlYXRlIjo2MDAwMDAwMDAwMDAsImRlbGV0ZSI6MTIwMDAwMDAwMDAwMH0sInNjaGVtYV92ZXJzaW9uIjoiMSJ9",
          "dependencies": [
            "aws_vpc.app1"
          ]
        }
      ]
    },
    {
      "mode": "managed",
      "type": "aws_subnet",
      "name": "private-us-east-1b",
      "provider": "provider[\"registry.terraform.io/hashicorp/aws\"]",
      "instances": [
        {
          "schema_version": 1,
          "attributes": {
            "arn": "arn:aws:ec2:us-east-1:329599619981:subnet/subnet-068b006a9bba2c151",
            "assign_ipv6_address_on_creation": false,
            "availability_zone": "us-east-1b",
            "availability_zone_id": "use1-az6",
            "cidr_block": "10.32.12.0/24",
            "customer_owned_ipv4_pool": "",
            "enable_dns64": false,
            "enable_resource_name_dns_a_record_on_launch": false,
            "enable_resource_name_dns_aaaa_record_on_launch": false,
            "id": "subnet-068b006a9bba2c151",
            "ipv6_cidr_block": "",
            "ipv6_cidr_block_association_id": "",
            "ipv6_native": false,
            "map_customer_owned_ip_on_launch": false,
            "map_public_ip_on_launch": false,
            "outpost_arn": "",
            "owner_id": "329599619981",
            "private_dns_hostname_type_on_launch": "ip-name",
            "tags": {
              "Name": "private-us-east-1b",
              "Owner": "Luke",
              "Planet": "Musafar",
              "Service": "application1"
            },
            "tags_all": {
              "Name": "private-us-east-1b",
              "Owner": "Luke",
              "Planet": "Musafar",
              "Service": "application1"
            },
            "timeouts": null,
            "vpc_id": "vpc-0d1cfbec354ab5797"
          },
          "sensitive_attributes": [],
          "private": "eyJlMmJmYjczMC1lY2FhLTExZTYtOGY4OC0zNDM2M2JjN2M0YzAiOnsiY3JlYXRlIjo2MDAwMDAwMDAwMDAsImRlbGV0ZSI6MTIwMDAwMDAwMDAwMH0sInNjaGVtYV92ZXJzaW9uIjoiMSJ9",
          "dependencies": [
            "aws_vpc.app1"
          ]
        }
      ]
    },
    {
      "mode": "managed",
      "type": "aws_subnet",
      "name": "private-us-east-1c",
      "provider": "provider[\"registry.terraform.io/hashicorp/aws\"]",
      "instances": [
        {
          "schema_version": 1,
          "attributes": {
            "arn": "arn:aws:ec2:us-east-1:329599619981:subnet/subnet-05eedd71c4ea2aee2",
            "assign_ipv6_address_on_creation": false,
            "availability_zone": "us-east-1c",
            "availability_zone_id": "use1-az1",
            "cidr_block": "10.32.13.0/24",
            "customer_owned_ipv4_pool": "",
            "enable_dns64": false,
            "enable_resource_name_dns_a_record_on_launch": false,
            "enable_resource_name_dns_aaaa_record_on_launch": false,
            "id": "subnet-05eedd71c4ea2aee2",
            "ipv6_cidr_block": "",
            "ipv6_cidr_block_association_id": "",
            "ipv6_native": false,
            "map_customer_owned_ip_on_launch": false,
            "map_public_ip_on_launch": false,
            "outpost_arn": "",
            "owner_id": "329599619981",
            "private_dns_hostname_type_on_launch": "ip-name",
            "tags": {
              "Name": "private-us-east-1c",
              "Owner": "Luke",
              "Planet": "Musafar",
              "Service": "application1"
            },
            "tags_all": {
              "Name": "private-us-east-1c",
              "Owner": "Luke",
              "Planet": "Musafar",
              "Service": "application1"
            },
            "timeouts": null,
            "vpc_id": "vpc-0d1cfbec354ab5797"
          },
          "sensitive_attributes": [],
          "private": "eyJlMmJmYjczMC1lY2FhLTExZTYtOGY4OC0zNDM2M2JjN2M0YzAiOnsiY3JlYXRlIjo2MDAwMDAwMDAwMDAsImRlbGV0ZSI6MTIwMDAwMDAwMDAwMH0sInNjaGVtYV92ZXJzaW9uIjoiMSJ9",
          "dependencies": [
            "aws_vpc.app1"
          ]
        }
      ]
    },
    {
      "mode": "managed",
      "type": "aws_subnet",
      "name": "public-us-east-1a",
      "provider": "provider[\"registry.terraform.io/hashicorp/aws\"]",
      "instances": [
        {
          "schema_version": 1,
          "attributes": {
            "arn": "arn:aws:ec2:us-east-1:329599619981:subnet/subnet-001e3619974d8b4a3",
            "assign_ipv6_address_on_creation": false,
            "availability_zone": "us-east-1a",
            "availability_zone_id": "use1-az4",
            "cidr_block": "10.32.1.0/24",
            "customer_owned_ipv4_pool": "",
            "enable_dns64": false,
            "enable_resource_name_dns_a_record_on_launch": false,
            "enable_resource_name_dns_aaaa_record_on_launch": false,
            "id": "subnet-001e3619974d8b4a3",
            "ipv6_cidr_block": "",
            "ipv6_cidr_block_association_id": "",
            "ipv6_native": false,
            "map_customer_owned_ip_on_launch": false,
            "map_public_ip_on_launch": true,
            "outpost_arn": "",
            "owner_id": "329599619981",
            "private_dns_hostname_type_on_launch": "ip-name",
            "tags": {
              "Name": "public-us-east-1a",
              "Owner": "Luke",
              "Planet": "Musafar",
              "Service": "application1"
            },
            "tags_all": {
              "Name": "public-us-east-1a",
              "Owner": "Luke",
              "Planet": "Musafar",
              "Service": "application1"
            },
            "timeouts": null,
            "vpc_id": "vpc-0d1cfbec354ab5797"
          },
          "sensitive_attributes": [],
          "private": "eyJlMmJmYjczMC1lY2FhLTExZTYtOGY4OC0zNDM2M2JjN2M0YzAiOnsiY3JlYXRlIjo2MDAwMDAwMDAwMDAsImRlbGV0ZSI6MTIwMDAwMDAwMDAwMH0sInNjaGVtYV92ZXJzaW9uIjoiMSJ9",
          "dependencies": [
            "aws_vpc.app1"
          ]
        }
      ]
    },
    {
      "mode": "managed",
      "type": "aws_subnet",
      "name": "public-us-east-1b",
      "provider": "provider[\"registry.terraform.io/hashicorp/aws\"]",
      "instances": [
        {
          "schema_version": 1,
          "attributes": {
            "arn": "arn:aws:ec2:us-east-1:329599619981:subnet/subnet-02fcc584b4bed57a5",
            "assign_ipv6_address_on_creation": false,
            "availability_zone": "us-east-1b",
            "availability_zone_id": "use1-az6",
            "cidr_block": "10.32.2.0/24",
            "customer_owned_ipv4_pool": "",
            "enable_dns64": false,
            "enable_resource_name_dns_a_record_on_launch": false,
            "enable_resource_name_dns_aaaa_record_on_launch": false,
            "id": "subnet-02fcc584b4bed57a5",
            "ipv6_cidr_block": "",
            "ipv6_cidr_block_association_id": "",
            "ipv6_native": false,
            "map_customer_owned_ip_on_launch": false,
            "map_public_ip_on_launch": true,
            "outpost_arn": "",
            "owner_id": "329599619981",
            "private_dns_hostname_type_on_launch": "ip-name",
            "tags": {
              "Name": "public-us-east-1b",
              "Owner": "Luke",
              "Planet": "Musafar",
              "Service": "application1"
            },
            "tags_all": {
              "Name": "public-us-east-1b",
              "Owner": "Luke",
              "Planet": "Musafar",
              "Service": "application1"
            },
            "timeouts": null,
            "vpc_id": "vpc-0d1cfbec354ab5797"
          },
          "sensitive_attributes": [],
          "private": "eyJlMmJmYjczMC1lY2FhLTExZTYtOGY4OC0zNDM2M2JjN2M0YzAiOnsiY3JlYXRlIjo2MDAwMDAwMDAwMDAsImRlbGV0ZSI6MTIwMDAwMDAwMDAwMH0sInNjaGVtYV92ZXJzaW9uIjoiMSJ9",
          "dependencies": [
            "aws_vpc.app1"
          ]
        }
      ]
    },
    {
      "mode": "managed",
      "type": "aws_subnet",
      "name": "public-us-east-1c",
      "provider": "provider[\"registry.terraform.io/hashicorp/aws\"]",
      "instances": [
        {
          "schema_version": 1,
          "attributes": {
            "arn": "arn:aws:ec2:us-east-1:329599619981:subnet/subnet-0847f7737396cc2b5",
            "assign_ipv6_address_on_creation": false,
            "availability_zone": "us-east-1c",
            "availability_zone_id": "use1-az1",
            "cidr_block": "10.32.3.0/24",
            "customer_owned_ipv4_pool": "",
            "enable_dns64": false,
            "enable_resource_name_dns_a_record_on_launch": false,
            "enable_resource_name_dns_aaaa_record_on_launch": false,
            "id": "subnet-0847f7737396cc2b5",
            "ipv6_cidr_block": "",
            "ipv6_cidr_block_association_id": "",
            "ipv6_native": false,
            "map_customer_owned_ip_on_launch": false,
            "map_public_ip_on_launch": true,
            "outpost_arn": "",
            "owner_id": "329599619981",
            "private_dns_hostname_type_on_launch": "ip-name",
            "tags": {
              "Name": "public-us-east-1c",
              "Owner": "Luke",
              "Planet": "Musafar",
              "Service": "application1"
            },
            "tags_all": {
              "Name": "public-us-east-1c",
              "Owner": "Luke",
              "Planet": "Musafar",
              "Service": "application1"
            },
            "timeouts": null,
            "vpc_id": "vpc-0d1cfbec354ab5797"
          },
          "sensitive_attributes": [],
          "private": "eyJlMmJmYjczMC1lY2FhLTExZTYtOGY4OC0zNDM2M2JjN2M0YzAiOnsiY3JlYXRlIjo2MDAwMDAwMDAwMDAsImRlbGV0ZSI6MTIwMDAwMDAwMDAwMH0sInNjaGVtYV92ZXJzaW9uIjoiMSJ9",
          "dependencies": [
            "aws_vpc.app1"
          ]
        }
      ]
    },
    {
      "mode": "managed",
      "type": "aws_vpc",
      "name": "app1",
      "provider": "provider[\"registry.terraform.io/hashicorp/aws\"]",
      "instances": [
        {
          "schema_version": 1,
          "attributes": {
            "arn": "arn:aws:ec2:us-east-1:329599619981:vpc/vpc-0d1cfbec354ab5797",
            "assign_generated_ipv6_cidr_block": false,
            "cidr_block": "10.32.0.0/16",
            "default_network_acl_id": "acl-0f45b0c020ce008d4",
            "default_route_table_id": "rtb-035653b0d8b7198ca",
            "default_security_group_id": "sg-0c05996cbde08565a",
            "dhcp_options_id": "dopt-0c7d4a67b33c21f21",
            "enable_classiclink": false,
            "enable_classiclink_dns_support": false,
            "enable_dns_hostnames": false,
            "enable_dns_support": true,
            "id": "vpc-0d1cfbec354ab5797",
            "instance_tenancy": "default",
            "ipv4_ipam_pool_id": null,
            "ipv4_netmask_length": null,
            "ipv6_association_id": "",
            "ipv6_cidr_block": "",
            "ipv6_cidr_block_network_border_group": "",
            "ipv6_ipam_pool_id": "",
            "ipv6_netmask_length": 0,
            "main_route_table_id": "rtb-035653b0d8b7198ca",
            "owner_id": "329599619981",
            "tags": {
              "Name": "app1",
              "Owner": "Chewbacca",
              "Planet": "Mustafar",
              "Service": "application1"
            },
            "tags_all": {
              "Name": "app1",
              "Owner": "Chewbacca",
              "Planet": "Mustafar",
              "Service": "application1"
            }
          },
          "sensitive_attributes": [],
          "private": "eyJzY2hlbWFfdmVyc2lvbiI6IjEifQ==",
          "create_before_destroy": true
        }
      ]
    },
    {
      "mode": "managed",
      "type": "tls_private_key",
      "name": "MyLinuxBox",
      "provider": "provider[\"registry.terraform.io/hashicorp/tls\"]",
      "instances": [
        {
          "schema_version": 1,
          "attributes": {
            "algorithm": "RSA",
            "ecdsa_curve": "P224",
            "id": "f09eee337e61d57c3bcba4668e40930170d16320",
            "private_key_openssh": "-----BEGIN OPENSSH PRIVATE KEY-----\nb3BlbnNzaC1rZXktdjEAAAAABG5vbmUAAAAEbm9uZQAAAAAAAAABAAABFwAAAAdz\nc2gtcnNhAAAAAwEAAQAAAQEAvpcZjL+9vLcZid7HESGFY8FUuj/TxSSqJDC7tdm9\ne3IrC/xKjbL8wjDj7re0fTsQxyqecIzBTdezx6i2nSV7Sh3Ik5I5jz+xr2I/dr6U\nW8pC/q+mthc1EQDT5pFgT2OgUYSB2S1R093h6W3qp/SLQD3BSMvjemARGgfwHxef\naYZ3btqDtU9v7TXWRKmBfREEOuPy3u45w6DySzP0aoNSVssXsYGWR5XnR8WfgdEe\nAeG5cFPbRTZEEBXEUh1jJRqrCAxVqR0rH2dxj0KR2reYO7fu0Ny8idHdw6Y+8K4g\nZfK9azipz7EdbISBSVlREAECPdS/otTOkMCLUFUN92WIHQAAA7ihuHq3obh6twAA\nAAdzc2gtcnNhAAABAQC+lxmMv728txmJ3scRIYVjwVS6P9PFJKokMLu12b17cisL\n/EqNsvzCMOPut7R9OxDHKp5wjMFN17PHqLadJXtKHciTkjmPP7GvYj92vpRbykL+\nr6a2FzURANPmkWBPY6BRhIHZLVHT3eHpbeqn9ItAPcFIy+N6YBEaB/AfF59phndu\n2oO1T2/tNdZEqYF9EQQ64/Le7jnDoPJLM/Rqg1JWyxexgZZHledHxZ+B0R4B4blw\nU9tFNkQQFcRSHWMlGqsIDFWpHSsfZ3GPQpHat5g7t+7Q3LyJ0d3Dpj7wriBl8r1r\nOKnPsR1shIFJWVEQAQI91L+i1M6QwItQVQ33ZYgdAAAAAwEAAQAAAQEAjewyqG63\nuWmXaOUt04HktI3oq/CPn8RXti9b+GS2BtDTYU9zrOTV9z003jSKAJ8VNVp1NVZ7\nM54mT81AfvDESEK5c7p1hkhl5jYBEEmGbHvHO6RNPlc1uv2kzZL/5t5HKazEjJaE\n0oHtkke5b2xYrXPPFIhPUndrBLlYg66xlH+2QvO17N6PydEnTpMc58STNp2hT15I\nYy4AJF5UnNkdE26ypfkbzASndvs/+CEghQhqQ7REiMeRrbpqcn93ktE3IUdQZoGx\nMe4aPD5e0lqSKmeUUj+oFVyZ+f4G6YarXrlLfLshryZuR5o84qpaZZTpkx7Y67uV\n1G6vIAOr6ZgwwQAAAIBY3icM+VemvZhXYDh/Zf1uW6oYClMF98ATjQbdRHBTi1GS\nsW+3+jcoP5GltsZ76mS/vAc1iU1sjAXmYn/qXSpb9B+vacI4JHuOb/ZyjCG8g/rL\nfKEKYzN4yAW0oCd+7M6V1rGbxzSHFuF9qBQtSVczPzdLuoFlsPPhJTqvjOPVbAAA\nAIEA3BjnUW7ozVZPA6FdJqQGfr5lFLiWGHGsfEbePOYxnixKqgMLbeDpQS/bnWbH\nwoCob+yMeNiXFyF/PgqBuIPY63lMd8Dq5EpUZxxxq4ASWjET7Wt6NYST1ZJyyqX+\nZvVvilL+hIRm/pgRUJ5KjJEb15md/ObXOKR158h2Nvtj9WUAAACBAN2uARUVv/c4\nrHbBgC9bQJQNdgDBbgxESwoUamaUik4dEutH23FXeFS+xpA5mkgoaM5oilrawnoB\nW0dhD4MLYigJ4mf2xLeC+6pIYr7MPR+Ma5brhGb+1seFLzYEbYpDUpo5hgRhlUXr\nqibgAEtc1VQ6pcJahecAEKpw3oPSuNhZAAAAAAEC\n-----END OPENSSH PRIVATE KEY-----\n",
            "private_key_pem": "-----BEGIN RSA PRIVATE KEY-----\nMIIEpAIBAAKCAQEAvpcZjL+9vLcZid7HESGFY8FUuj/TxSSqJDC7tdm9e3IrC/xK\njbL8wjDj7re0fTsQxyqecIzBTdezx6i2nSV7Sh3Ik5I5jz+xr2I/dr6UW8pC/q+m\nthc1EQDT5pFgT2OgUYSB2S1R093h6W3qp/SLQD3BSMvjemARGgfwHxefaYZ3btqD\ntU9v7TXWRKmBfREEOuPy3u45w6DySzP0aoNSVssXsYGWR5XnR8WfgdEeAeG5cFPb\nRTZEEBXEUh1jJRqrCAxVqR0rH2dxj0KR2reYO7fu0Ny8idHdw6Y+8K4gZfK9azip\nz7EdbISBSVlREAECPdS/otTOkMCLUFUN92WIHQIDAQABAoIBAQCN7DKobre5aZdo\n5S3TgeS0jeir8I+fxFe2L1v4ZLYG0NNhT3Os5NX3PTTeNIoAnxU1WnU1VnszniZP\nzUB+8MRIQrlzunWGSGXmNgEQSYZse8c7pE0+VzW6/aTNkv/m3kcprMSMloTSge2S\nR7lvbFitc88UiE9Sd2sEuViDrrGUf7ZC87Xs3o/J0SdOkxznxJM2naFPXkhjLgAk\nXlSc2R0TbrKl+RvMBKd2+z/4ISCFCGpDtESIx5Gtumpyf3eS0TchR1BmgbEx7ho8\nPl7SWpIqZ5RSP6gVXJn5/gbphqteuUt8uyGvJm5HmjziqlpllOmTHtjru5XUbq8g\nA6vpmDDBAoGBANwY51Fu6M1WTwOhXSakBn6+ZRS4lhhxrHxG3jzmMZ4sSqoDC23g\n6UEv251mx8KAqG/sjHjYlxchfz4KgbiD2Ot5THfA6uRKVGcccauAEloxE+1rejWE\nk9WScsql/mb1b4pS/oSEZv6YEVCeSoyRG9eZnfzm1zikdefIdjb7Y/VlAoGBAN2u\nARUVv/c4rHbBgC9bQJQNdgDBbgxESwoUamaUik4dEutH23FXeFS+xpA5mkgoaM5o\nilrawnoBW0dhD4MLYigJ4mf2xLeC+6pIYr7MPR+Ma5brhGb+1seFLzYEbYpDUpo5\nhgRhlUXrqibgAEtc1VQ6pcJahecAEKpw3oPSuNhZAoGAN1KHKj/fgmV0XOw9ds35\n1/fRfoDbMW+5NE+34sTVqfVmGw/C2q6S0tDNueWwxmICdIeX03RVnfnMevK3IoL5\njk6h+uPh5toMFxLeO4ZoloUJhj7iq/sUEbXK5scMiCKfE7zCvtps7QeaKpJvGKAM\nyIeTX5NCe7lS7ZzEohNUT8UCgYEAvxhTyIhSTlxll43g4XHpbndYJPiZ1Cs/ALZu\nrnUX8JRxja8JBWCg03UNmKB/Vfq3tk86DW4NPb1ToWmTRKUYfWlf6b05APUB213A\n+bb4bezPhm8KWPsPzTkLZKZWg1zbpSU3WSmB059+szpgJpclMxHHeI4uZd6Rf0wD\nFWIehCkCgYBY3icM+VemvZhXYDh/Zf1uW6oYClMF98ATjQbdRHBTi1GSsW+3+jco\nP5GltsZ76mS/vAc1iU1sjAXmYn/qXSpb9B+vacI4JHuOb/ZyjCG8g/rLfKEKYzN4\nyAW0oCd+7M6V1rGbxzSHFuF9qBQtSVczPzdLuoFlsPPhJTqvjOPVbA==\n-----END RSA PRIVATE KEY-----\n",
            "private_key_pem_pkcs8": "-----BEGIN PRIVATE KEY-----\nMIIEvgIBADANBgkqhkiG9w0BAQEFAASCBKgwggSkAgEAAoIBAQC+lxmMv728txmJ\n3scRIYVjwVS6P9PFJKokMLu12b17cisL/EqNsvzCMOPut7R9OxDHKp5wjMFN17PH\nqLadJXtKHciTkjmPP7GvYj92vpRbykL+r6a2FzURANPmkWBPY6BRhIHZLVHT3eHp\nbeqn9ItAPcFIy+N6YBEaB/AfF59phndu2oO1T2/tNdZEqYF9EQQ64/Le7jnDoPJL\nM/Rqg1JWyxexgZZHledHxZ+B0R4B4blwU9tFNkQQFcRSHWMlGqsIDFWpHSsfZ3GP\nQpHat5g7t+7Q3LyJ0d3Dpj7wriBl8r1rOKnPsR1shIFJWVEQAQI91L+i1M6QwItQ\nVQ33ZYgdAgMBAAECggEBAI3sMqhut7lpl2jlLdOB5LSN6Kvwj5/EV7YvW/hktgbQ\n02FPc6zk1fc9NN40igCfFTVadTVWezOeJk/NQH7wxEhCuXO6dYZIZeY2ARBJhmx7\nxzukTT5XNbr9pM2S/+beRymsxIyWhNKB7ZJHuW9sWK1zzxSIT1J3awS5WIOusZR/\ntkLztezej8nRJ06THOfEkzadoU9eSGMuACReVJzZHRNusqX5G8wEp3b7P/ghIIUI\nakO0RIjHka26anJ/d5LRNyFHUGaBsTHuGjw+XtJakipnlFI/qBVcmfn+BumGq165\nS3y7Ia8mbkeaPOKqWmWU6ZMe2Ou7ldRuryADq+mYMMECgYEA3BjnUW7ozVZPA6Fd\nJqQGfr5lFLiWGHGsfEbePOYxnixKqgMLbeDpQS/bnWbHwoCob+yMeNiXFyF/PgqB\nuIPY63lMd8Dq5EpUZxxxq4ASWjET7Wt6NYST1ZJyyqX+ZvVvilL+hIRm/pgRUJ5K\njJEb15md/ObXOKR158h2Nvtj9WUCgYEA3a4BFRW/9zisdsGAL1tAlA12AMFuDERL\nChRqZpSKTh0S60fbcVd4VL7GkDmaSChozmiKWtrCegFbR2EPgwtiKAniZ/bEt4L7\nqkhivsw9H4xrluuEZv7Wx4UvNgRtikNSmjmGBGGVReuqJuAAS1zVVDqlwlqF5wAQ\nqnDeg9K42FkCgYA3UocqP9+CZXRc7D12zfnX99F+gNsxb7k0T7fixNWp9WYbD8La\nrpLS0M255bDGYgJ0h5fTdFWd+cx68rcigvmOTqH64+Hm2gwXEt47hmiWhQmGPuKr\n+xQRtcrmxwyIIp8TvMK+2mztB5oqkm8YoAzIh5Nfk0J7uVLtnMSiE1RPxQKBgQC/\nGFPIiFJOXGWXjeDhcelud1gk+JnUKz8Atm6udRfwlHGNrwkFYKDTdQ2YoH9V+re2\nTzoNbg09vVOhaZNEpRh9aV/pvTkA9QHbXcD5tvht7M+GbwpY+w/NOQtkplaDXNul\nJTdZKYHTn36zOmAmlyUzEcd4ji5l3pF/TAMVYh6EKQKBgFjeJwz5V6a9mFdgOH9l\n/W5bqhgKUwX3wBONBt1EcFOLUZKxb7f6Nyg/kaW2xnvqZL+8BzWJTWyMBeZif+pd\nKlv0H69pwjgke45v9nKMIbyD+st8oQpjM3jIBbSgJ37szpXWsZvHNIcW4X2oFC1J\nVzM/N0u6gWWw8+ElOq+M49Vs\n-----END PRIVATE KEY-----\n",
            "public_key_fingerprint_md5": "2d:86:dd:1b:1a:23:7b:6f:39:b1:78:8e:13:90:00:14",
            "public_key_fingerprint_sha256": "SHA256:u+rWiu2uPUQI7i0tO3NGkd/yKx4FtCt0Zf+QHGysVs8",
            "public_key_openssh": "ssh-rsa AAAAB3NzaC1yc2EAAAADAQABAAABAQC+lxmMv728txmJ3scRIYVjwVS6P9PFJKokMLu12b17cisL/EqNsvzCMOPut7R9OxDHKp5wjMFN17PHqLadJXtKHciTkjmPP7GvYj92vpRbykL+r6a2FzURANPmkWBPY6BRhIHZLVHT3eHpbeqn9ItAPcFIy+N6YBEaB/AfF59phndu2oO1T2/tNdZEqYF9EQQ64/Le7jnDoPJLM/Rqg1JWyxexgZZHledHxZ+B0R4B4blwU9tFNkQQFcRSHWMlGqsIDFWpHSsfZ3GPQpHat5g7t+7Q3LyJ0d3Dpj7wriBl8r1rOKnPsR1shIFJWVEQAQI91L+i1M6QwItQVQ33ZYgd\n",
            "public_key_pem": "-----BEGIN PUBLIC KEY-----\nMIIBIjANBgkqhkiG9w0BAQEFAAOCAQ8AMIIBCgKCAQEAvpcZjL+9vLcZid7HESGF\nY8FUuj/TxSSqJDC7tdm9e3IrC/xKjbL8wjDj7re0fTsQxyqecIzBTdezx6i2nSV7\nSh3Ik5I5jz+xr2I/dr6UW8pC/q+mthc1EQDT5pFgT2OgUYSB2S1R093h6W3qp/SL\nQD3BSMvjemARGgfwHxefaYZ3btqDtU9v7TXWRKmBfREEOuPy3u45w6DySzP0aoNS\nVssXsYGWR5XnR8WfgdEeAeG5cFPbRTZEEBXEUh1jJRqrCAxVqR0rH2dxj0KR2reY\nO7fu0Ny8idHdw6Y+8K4gZfK9azipz7EdbISBSVlREAECPdS/otTOkMCLUFUN92WI\nHQIDAQAB\n-----END PUBLIC KEY-----\n",
            "rsa_bits": 2048
          },
          "sensitive_attributes": [
            [
              {
                "type": "get_attr",
                "value": "private_key_pem_pkcs8"
              }
            ],
            [
              {
                "type": "get_attr",
                "value": "private_key_openssh"
              }
            ],
            [
              {
                "type": "get_attr",
                "value": "private_key_pem"
              }
            ]
          ]
        }
      ]
    }
  ],
  "check_results": null
}
